// !$*UTF8*$!
{
	archiveVersion = 1;
	classes = {
	};
	objectVersion = 46;
	objects = {

/* Begin PBXBuildFile section */
		4111D69D27F16A35001AD814 /* sha512.cpp in Sources */ = {isa = PBXBuildFile; fileRef = 4111D69C27F16A35001AD814 /* sha512.cpp */; };
		41666E031B67415300A1D71F /* Localizable.strings in Resources */ = {isa = PBXBuildFile; fileRef = 41666E051B67415300A1D71F /* Localizable.strings */; };
		41666E141B67573900A1D71F /* ServicesMenu.strings in Resources */ = {isa = PBXBuildFile; fileRef = 41666E161B67573900A1D71F /* ServicesMenu.strings */; };
		4198A5331B58D3B50050C831 /* Assets.xcassets in Resources */ = {isa = PBXBuildFile; fileRef = 4198A5311B58D3B50050C831 /* Assets.xcassets */; };
		4198A5371B58D3C40050C831 /* Main.storyboard in Resources */ = {isa = PBXBuildFile; fileRef = 4198A5351B58D3C40050C831 /* Main.storyboard */; };
		4198A53B1B58D3DA0050C831 /* main.m in Sources */ = {isa = PBXBuildFile; fileRef = 4198A5391B58D3DA0050C831 /* main.m */; };
		41FF1DDB1B5B4A5A0081F283 /* OsFilePosixDarwin.cpp in Sources */ = {isa = PBXBuildFile; fileRef = 41FF1DD81B5B4A5A0081F283 /* OsFilePosixDarwin.cpp */; };
		41FF1DDC1B5B4A5A0081F283 /* OsThreadPosixDarwin.cpp in Sources */ = {isa = PBXBuildFile; fileRef = 41FF1DDA1B5B4A5A0081F283 /* OsThreadPosixDarwin.cpp */; };
		41FF1DF31B5B4B470081F283 /* MD5.cpp in Sources */ = {isa = PBXBuildFile; fileRef = 41FF1DEC1B5B4B470081F283 /* MD5.cpp */; };
		41FF1DF41B5B4B470081F283 /* SHA1.cpp in Sources */ = {isa = PBXBuildFile; fileRef = 41FF1DEE1B5B4B470081F283 /* SHA1.cpp */; };
		41FF1DF51B5B4B470081F283 /* sha256.cpp in Sources */ = {isa = PBXBuildFile; fileRef = 41FF1DF01B5B4B470081F283 /* sha256.cpp */; };
		52225804213CD95E00012EF8 /* strhelper.cpp in Sources */ = {isa = PBXBuildFile; fileRef = 52225802213CD95D00012EF8 /* strhelper.cpp */; };
		5222580A213CDA7C00012EF8 /* Utils.cpp in Sources */ = {isa = PBXBuildFile; fileRef = 52225808213CDA7C00012EF8 /* Utils.cpp */; };
		52225810213CDB2900012EF8 /* HashEngine.cpp in Sources */ = {isa = PBXBuildFile; fileRef = 5222580F213CDB2900012EF8 /* HashEngine.cpp */; };
		5222581B213CF24300012EF8 /* MacUtils.mm in Sources */ = {isa = PBXBuildFile; fileRef = 52225819213CF24300012EF8 /* MacUtils.mm */; };
		5222581E213CF28A00012EF8 /* AboutViewController.mm in Sources */ = {isa = PBXBuildFile; fileRef = 5222581C213CF28900012EF8 /* AboutViewController.mm */; };
		52225823213CF2CA00012EF8 /* AboutWindowController.mm in Sources */ = {isa = PBXBuildFile; fileRef = 5222581F213CF2C900012EF8 /* AboutWindowController.mm */; };
		52225824213CF2CA00012EF8 /* ESSProgressIndicator.m in Sources */ = {isa = PBXBuildFile; fileRef = 52225820213CF2C900012EF8 /* ESSProgressIndicator.m */; };
		52225829213CF2F000012EF8 /* fHashMacAppDelegate.mm in Sources */ = {isa = PBXBuildFile; fileRef = 52225825213CF2EF00012EF8 /* fHashMacAppDelegate.mm */; };
		5222582A213CF2F000012EF8 /* HyperlinkTextField.m in Sources */ = {isa = PBXBuildFile; fileRef = 52225828213CF2F000012EF8 /* HyperlinkTextField.m */; };
		52225831213CF32600012EF8 /* MainView.mm in Sources */ = {isa = PBXBuildFile; fileRef = 5222582B213CF32500012EF8 /* MainView.mm */; };
		52225832213CF32600012EF8 /* MainViewController.mm in Sources */ = {isa = PBXBuildFile; fileRef = 5222582C213CF32500012EF8 /* MainViewController.mm */; };
		52225833213CF32600012EF8 /* MainWindowController.mm in Sources */ = {isa = PBXBuildFile; fileRef = 52225830213CF32600012EF8 /* MainWindowController.mm */; };
		5222583A213CF36400012EF8 /* UIBridgeMacUI.mm in Sources */ = {isa = PBXBuildFile; fileRef = 52225836213CF36400012EF8 /* UIBridgeMacUI.mm */; };
		5222583B213CF36400012EF8 /* PaddingClipView.mm in Sources */ = {isa = PBXBuildFile; fileRef = 52225837213CF36400012EF8 /* PaddingClipView.mm */; };
		5222583C213CF36400012EF8 /* NoTitlebarWindowController.mm in Sources */ = {isa = PBXBuildFile; fileRef = 52225839213CF36400012EF8 /* NoTitlebarWindowController.mm */; };
/* End PBXBuildFile section */

/* Begin PBXFileReference section */
		410E26131B71C988004B3C9A /* Base */ = {isa = PBXFileReference; lastKnownFileType = text.plist.strings; name = Base; path = Base.lproj/ServicesMenu.strings; sourceTree = "<group>"; };
		410E26141B71C9CC004B3C9A /* Base */ = {isa = PBXFileReference; lastKnownFileType = text.plist.strings; name = Base; path = Base.lproj/Localizable.strings; sourceTree = "<group>"; };
		4111D69B27F16A35001AD814 /* sha512.h */ = {isa = PBXFileReference; fileEncoding = 4; lastKnownFileType = sourcecode.c.h; name = sha512.h; path = source/Algorithms/sha512.h; sourceTree = "<group>"; };
		4111D69C27F16A35001AD814 /* sha512.cpp */ = {isa = PBXFileReference; fileEncoding = 4; lastKnownFileType = sourcecode.cpp.cpp; name = sha512.cpp; path = source/Algorithms/sha512.cpp; sourceTree = "<group>"; };
		4163EC952850A2C900453333 /* stdafx.h */ = {isa = PBXFileReference; lastKnownFileType = sourcecode.c.h; name = stdafx.h; path = source/OSXUI/stdafx.h; sourceTree = "<group>"; };
		41666E041B67415300A1D71F /* en */ = {isa = PBXFileReference; lastKnownFileType = text.plist.strings; name = en; path = en.lproj/Localizable.strings; sourceTree = "<group>"; };
		41666E061B6741C900A1D71F /* zh-Hans */ = {isa = PBXFileReference; lastKnownFileType = text.plist.strings; name = "zh-Hans"; path = "zh-Hans.lproj/Localizable.strings"; sourceTree = "<group>"; };
		41666E151B67573900A1D71F /* en */ = {isa = PBXFileReference; lastKnownFileType = text.plist.strings; name = en; path = en.lproj/ServicesMenu.strings; sourceTree = "<group>"; };
		41666E171B67573D00A1D71F /* zh-Hans */ = {isa = PBXFileReference; fileEncoding = 10; lastKnownFileType = text.plist.strings; name = "zh-Hans"; path = "zh-Hans.lproj/ServicesMenu.strings"; sourceTree = "<group>"; };
		418F62861BE9C8D6007337CF /* fHash.entitlements */ = {isa = PBXFileReference; fileEncoding = 4; lastKnownFileType = text.xml; name = fHash.entitlements; path = source/OSXUI/fHash.entitlements; sourceTree = SOURCE_ROOT; };
		4198A5311B58D3B50050C831 /* Assets.xcassets */ = {isa = PBXFileReference; lastKnownFileType = folder.assetcatalog; name = Assets.xcassets; path = source/OSXUI/Assets.xcassets; sourceTree = SOURCE_ROOT; };
		4198A5321B58D3B50050C831 /* Info.plist */ = {isa = PBXFileReference; fileEncoding = 4; lastKnownFileType = text.plist.xml; name = Info.plist; path = source/OSXUI/Info.plist; sourceTree = SOURCE_ROOT; };
		4198A5361B58D3C40050C831 /* Base */ = {isa = PBXFileReference; lastKnownFileType = file.storyboard; name = Base; path = source/OSXUI/Base.lproj/Main.storyboard; sourceTree = SOURCE_ROOT; };
		4198A5391B58D3DA0050C831 /* main.m */ = {isa = PBXFileReference; fileEncoding = 4; lastKnownFileType = sourcecode.c.objc; name = main.m; path = source/OSXUI/main.m; sourceTree = SOURCE_ROOT; };
		41A4A573285198E500D1ECAC /* endianness.h */ = {isa = PBXFileReference; fileEncoding = 4; lastKnownFileType = sourcecode.c.h; name = endianness.h; path = source/Algorithms/endianness.h; sourceTree = "<group>"; };
		41F2360A20C77C3E005E6724 /* MD5.h */ = {isa = PBXFileReference; fileEncoding = 4; lastKnownFileType = sourcecode.c.h; name = MD5.h; path = source/Algorithms/MD5.h; sourceTree = "<group>"; };
		41FF1DCB1B5B49490081F283 /* version.h */ = {isa = PBXFileReference; fileEncoding = 4; lastKnownFileType = sourcecode.c.h; name = version.h; path = source/version.h; sourceTree = "<group>"; };
		41FF1DD71B5B4A5A0081F283 /* OsFile.h */ = {isa = PBXFileReference; fileEncoding = 4; lastKnownFileType = sourcecode.c.h; name = OsFile.h; path = source/OsUtils/OsFile.h; sourceTree = "<group>"; };
		41FF1DD81B5B4A5A0081F283 /* OsFilePosixDarwin.cpp */ = {isa = PBXFileReference; fileEncoding = 4; lastKnownFileType = sourcecode.cpp.cpp; name = OsFilePosixDarwin.cpp; path = source/OsUtils/OsFilePosixDarwin.cpp; sourceTree = "<group>"; };
		41FF1DD91B5B4A5A0081F283 /* OsThread.h */ = {isa = PBXFileReference; fileEncoding = 4; lastKnownFileType = sourcecode.c.h; name = OsThread.h; path = source/OsUtils/OsThread.h; sourceTree = "<group>"; };
		41FF1DDA1B5B4A5A0081F283 /* OsThreadPosixDarwin.cpp */ = {isa = PBXFileReference; fileEncoding = 4; lastKnownFileType = sourcecode.cpp.cpp; name = OsThreadPosixDarwin.cpp; path = source/OsUtils/OsThreadPosixDarwin.cpp; sourceTree = "<group>"; };
		41FF1DEC1B5B4B470081F283 /* MD5.cpp */ = {isa = PBXFileReference; fileEncoding = 4; lastKnownFileType = sourcecode.cpp.cpp; name = MD5.cpp; path = source/Algorithms/MD5.cpp; sourceTree = "<group>"; };
		41FF1DEE1B5B4B470081F283 /* SHA1.cpp */ = {isa = PBXFileReference; fileEncoding = 4; lastKnownFileType = sourcecode.cpp.cpp; name = SHA1.cpp; path = source/Algorithms/SHA1.cpp; sourceTree = "<group>"; };
		41FF1DEF1B5B4B470081F283 /* SHA1.h */ = {isa = PBXFileReference; fileEncoding = 4; lastKnownFileType = sourcecode.c.h; name = SHA1.h; path = source/Algorithms/SHA1.h; sourceTree = "<group>"; };
		41FF1DF01B5B4B470081F283 /* sha256.cpp */ = {isa = PBXFileReference; fileEncoding = 4; lastKnownFileType = sourcecode.cpp.cpp; name = sha256.cpp; path = source/Algorithms/sha256.cpp; sourceTree = "<group>"; };
		41FF1DF11B5B4B470081F283 /* sha256.h */ = {isa = PBXFileReference; fileEncoding = 4; lastKnownFileType = sourcecode.c.h; name = sha256.h; path = source/Algorithms/sha256.h; sourceTree = "<group>"; };
		52225800213CD69A00012EF8 /* Global.h */ = {isa = PBXFileReference; fileEncoding = 4; lastKnownFileType = sourcecode.c.h; name = Global.h; path = source/Common/Global.h; sourceTree = "<group>"; };
		52225802213CD95D00012EF8 /* strhelper.cpp */ = {isa = PBXFileReference; fileEncoding = 4; lastKnownFileType = sourcecode.cpp.cpp; name = strhelper.cpp; path = source/Common/strhelper.cpp; sourceTree = "<group>"; };
		52225803213CD95D00012EF8 /* strhelper.h */ = {isa = PBXFileReference; fileEncoding = 4; lastKnownFileType = sourcecode.c.h; name = strhelper.h; path = source/Common/strhelper.h; sourceTree = "<group>"; };
		52225808213CDA7C00012EF8 /* Utils.cpp */ = {isa = PBXFileReference; fileEncoding = 4; lastKnownFileType = sourcecode.cpp.cpp; name = Utils.cpp; path = source/Common/Utils.cpp; sourceTree = "<group>"; };
		52225809213CDA7C00012EF8 /* Utils.h */ = {isa = PBXFileReference; fileEncoding = 4; lastKnownFileType = sourcecode.c.h; name = Utils.h; path = source/Common/Utils.h; sourceTree = "<group>"; };
		5222580E213CDB2900012EF8 /* HashEngine.h */ = {isa = PBXFileReference; fileEncoding = 4; lastKnownFileType = sourcecode.c.h; name = HashEngine.h; path = source/Common/HashEngine.h; sourceTree = "<group>"; };
		5222580F213CDB2900012EF8 /* HashEngine.cpp */ = {isa = PBXFileReference; fileEncoding = 4; lastKnownFileType = sourcecode.cpp.cpp; name = HashEngine.cpp; path = source/Common/HashEngine.cpp; sourceTree = "<group>"; };
		52225814213CDB9D00012EF8 /* UIBridgeBase.h */ = {isa = PBXFileReference; fileEncoding = 4; lastKnownFileType = sourcecode.c.h; name = UIBridgeBase.h; path = source/Common/UIBridgeBase.h; sourceTree = "<group>"; };
		52225819213CF24300012EF8 /* MacUtils.mm */ = {isa = PBXFileReference; fileEncoding = 4; lastKnownFileType = sourcecode.cpp.objcpp; name = MacUtils.mm; path = source/OSXUI/MacUtils.mm; sourceTree = SOURCE_ROOT; };
		5222581A213CF24300012EF8 /* MacUtils.h */ = {isa = PBXFileReference; fileEncoding = 4; lastKnownFileType = sourcecode.c.h; name = MacUtils.h; path = source/OSXUI/MacUtils.h; sourceTree = SOURCE_ROOT; };
		5222581C213CF28900012EF8 /* AboutViewController.mm */ = {isa = PBXFileReference; fileEncoding = 4; lastKnownFileType = sourcecode.cpp.objcpp; name = AboutViewController.mm; path = source/OSXUI/AboutViewController.mm; sourceTree = SOURCE_ROOT; };
		5222581D213CF28900012EF8 /* AboutViewController.h */ = {isa = PBXFileReference; fileEncoding = 4; lastKnownFileType = sourcecode.c.h; name = AboutViewController.h; path = source/OSXUI/AboutViewController.h; sourceTree = SOURCE_ROOT; };
		5222581F213CF2C900012EF8 /* AboutWindowController.mm */ = {isa = PBXFileReference; fileEncoding = 4; lastKnownFileType = sourcecode.cpp.objcpp; name = AboutWindowController.mm; path = source/OSXUI/AboutWindowController.mm; sourceTree = SOURCE_ROOT; };
		52225820213CF2C900012EF8 /* ESSProgressIndicator.m */ = {isa = PBXFileReference; fileEncoding = 4; lastKnownFileType = sourcecode.c.objc; name = ESSProgressIndicator.m; path = source/OSXUI/ESSProgressIndicator.m; sourceTree = SOURCE_ROOT; };
		52225821213CF2CA00012EF8 /* ESSProgressIndicator.h */ = {isa = PBXFileReference; fileEncoding = 4; lastKnownFileType = sourcecode.c.h; name = ESSProgressIndicator.h; path = source/OSXUI/ESSProgressIndicator.h; sourceTree = SOURCE_ROOT; };
		52225822213CF2CA00012EF8 /* AboutWindowController.h */ = {isa = PBXFileReference; fileEncoding = 4; lastKnownFileType = sourcecode.c.h; name = AboutWindowController.h; path = source/OSXUI/AboutWindowController.h; sourceTree = SOURCE_ROOT; };
		52225825213CF2EF00012EF8 /* fHashMacAppDelegate.mm */ = {isa = PBXFileReference; fileEncoding = 4; lastKnownFileType = sourcecode.cpp.objcpp; name = fHashMacAppDelegate.mm; path = source/OSXUI/fHashMacAppDelegate.mm; sourceTree = SOURCE_ROOT; };
		52225826213CF2EF00012EF8 /* fHashMacAppDelegate.h */ = {isa = PBXFileReference; fileEncoding = 4; lastKnownFileType = sourcecode.c.h; name = fHashMacAppDelegate.h; path = source/OSXUI/fHashMacAppDelegate.h; sourceTree = SOURCE_ROOT; };
		52225827213CF2F000012EF8 /* HyperlinkTextField.h */ = {isa = PBXFileReference; fileEncoding = 4; lastKnownFileType = sourcecode.c.h; name = HyperlinkTextField.h; path = source/OSXUI/HyperlinkTextField.h; sourceTree = SOURCE_ROOT; };
		52225828213CF2F000012EF8 /* HyperlinkTextField.m */ = {isa = PBXFileReference; fileEncoding = 4; lastKnownFileType = sourcecode.c.objc; name = HyperlinkTextField.m; path = source/OSXUI/HyperlinkTextField.m; sourceTree = SOURCE_ROOT; };
		5222582B213CF32500012EF8 /* MainView.mm */ = {isa = PBXFileReference; fileEncoding = 4; lastKnownFileType = sourcecode.cpp.objcpp; name = MainView.mm; path = source/OSXUI/MainView.mm; sourceTree = SOURCE_ROOT; };
		5222582C213CF32500012EF8 /* MainViewController.mm */ = {isa = PBXFileReference; fileEncoding = 4; lastKnownFileType = sourcecode.cpp.objcpp; name = MainViewController.mm; path = source/OSXUI/MainViewController.mm; sourceTree = SOURCE_ROOT; };
		5222582D213CF32600012EF8 /* MainViewController.h */ = {isa = PBXFileReference; fileEncoding = 4; lastKnownFileType = sourcecode.c.h; name = MainViewController.h; path = source/OSXUI/MainViewController.h; sourceTree = SOURCE_ROOT; };
		5222582E213CF32600012EF8 /* MainWindowController.h */ = {isa = PBXFileReference; fileEncoding = 4; lastKnownFileType = sourcecode.c.h; name = MainWindowController.h; path = source/OSXUI/MainWindowController.h; sourceTree = SOURCE_ROOT; };
		5222582F213CF32600012EF8 /* MainView.h */ = {isa = PBXFileReference; fileEncoding = 4; lastKnownFileType = sourcecode.c.h; name = MainView.h; path = source/OSXUI/MainView.h; sourceTree = SOURCE_ROOT; };
		52225830213CF32600012EF8 /* MainWindowController.mm */ = {isa = PBXFileReference; fileEncoding = 4; lastKnownFileType = sourcecode.cpp.objcpp; name = MainWindowController.mm; path = source/OSXUI/MainWindowController.mm; sourceTree = SOURCE_ROOT; };
		52225834213CF36400012EF8 /* NoTitlebarWindowController.h */ = {isa = PBXFileReference; fileEncoding = 4; lastKnownFileType = sourcecode.c.h; name = NoTitlebarWindowController.h; path = source/OSXUI/NoTitlebarWindowController.h; sourceTree = SOURCE_ROOT; };
		52225835213CF36400012EF8 /* UIBridgeMacUI.h */ = {isa = PBXFileReference; fileEncoding = 4; lastKnownFileType = sourcecode.c.h; name = UIBridgeMacUI.h; path = source/OSXUI/UIBridgeMacUI.h; sourceTree = SOURCE_ROOT; };
		52225836213CF36400012EF8 /* UIBridgeMacUI.mm */ = {isa = PBXFileReference; fileEncoding = 4; lastKnownFileType = sourcecode.cpp.objcpp; name = UIBridgeMacUI.mm; path = source/OSXUI/UIBridgeMacUI.mm; sourceTree = SOURCE_ROOT; };
		52225837213CF36400012EF8 /* PaddingClipView.mm */ = {isa = PBXFileReference; fileEncoding = 4; lastKnownFileType = sourcecode.cpp.objcpp; name = PaddingClipView.mm; path = source/OSXUI/PaddingClipView.mm; sourceTree = SOURCE_ROOT; };
		52225838213CF36400012EF8 /* PaddingClipView.h */ = {isa = PBXFileReference; fileEncoding = 4; lastKnownFileType = sourcecode.c.h; name = PaddingClipView.h; path = source/OSXUI/PaddingClipView.h; sourceTree = SOURCE_ROOT; };
		52225839213CF36400012EF8 /* NoTitlebarWindowController.mm */ = {isa = PBXFileReference; fileEncoding = 4; lastKnownFileType = sourcecode.cpp.objcpp; name = NoTitlebarWindowController.mm; path = source/OSXUI/NoTitlebarWindowController.mm; sourceTree = SOURCE_ROOT; };
		52751B101B56276F00BD724B /* fHash.app */ = {isa = PBXFileReference; explicitFileType = wrapper.application; includeInIndex = 0; path = fHash.app; sourceTree = BUILT_PRODUCTS_DIR; };
/* End PBXFileReference section */

/* Begin PBXFrameworksBuildPhase section */
		52751B0D1B56276F00BD724B /* Frameworks */ = {
			isa = PBXFrameworksBuildPhase;
			buildActionMask = 2147483647;
			files = (
			);
			runOnlyForDeploymentPostprocessing = 0;
		};
/* End PBXFrameworksBuildPhase section */

/* Begin PBXGroup section */
		4166AC661B56961100BF19F9 /* src */ = {
			isa = PBXGroup;
			children = (
				41FF1DCB1B5B49490081F283 /* version.h */,
			);
			name = src;
			sourceTree = "<group>";
		};
		41FF1DCE1B5B49840081F283 /* Common */ = {
			isa = PBXGroup;
			children = (
				52225800213CD69A00012EF8 /* Global.h */,
				5222580F213CDB2900012EF8 /* HashEngine.cpp */,
				5222580E213CDB2900012EF8 /* HashEngine.h */,
				4163EC952850A2C900453333 /* stdafx.h */,
				52225802213CD95D00012EF8 /* strhelper.cpp */,
				52225803213CD95D00012EF8 /* strhelper.h */,
				52225814213CDB9D00012EF8 /* UIBridgeBase.h */,
				52225808213CDA7C00012EF8 /* Utils.cpp */,
				52225809213CDA7C00012EF8 /* Utils.h */,
			);
			name = Common;
			sourceTree = "<group>";
		};
		41FF1DD61B5B4A420081F283 /* OsUtils */ = {
			isa = PBXGroup;
			children = (
				41FF1DD71B5B4A5A0081F283 /* OsFile.h */,
				41FF1DD81B5B4A5A0081F283 /* OsFilePosixDarwin.cpp */,
				41FF1DD91B5B4A5A0081F283 /* OsThread.h */,
				41FF1DDA1B5B4A5A0081F283 /* OsThreadPosixDarwin.cpp */,
			);
			name = OsUtils;
			sourceTree = "<group>";
		};
		41FF1DDD1B5B4ACA0081F283 /* Algorithms */ = {
			isa = PBXGroup;
			children = (
				41A4A573285198E500D1ECAC /* endianness.h */,
				41FF1DEC1B5B4B470081F283 /* MD5.cpp */,
				41F2360A20C77C3E005E6724 /* MD5.h */,
				41FF1DEE1B5B4B470081F283 /* SHA1.cpp */,
				41FF1DEF1B5B4B470081F283 /* SHA1.h */,
				41FF1DF01B5B4B470081F283 /* sha256.cpp */,
				41FF1DF11B5B4B470081F283 /* sha256.h */,
				4111D69C27F16A35001AD814 /* sha512.cpp */,
				4111D69B27F16A35001AD814 /* sha512.h */,
			);
			name = Algorithms;
			sourceTree = "<group>";
		};
		52751B071B56276F00BD724B = {
			isa = PBXGroup;
			children = (
				41FF1DCE1B5B49840081F283 /* Common */,
				41FF1DD61B5B4A420081F283 /* OsUtils */,
				41FF1DDD1B5B4ACA0081F283 /* Algorithms */,
				52751B121B56276F00BD724B /* fHashMacUI */,
				4166AC661B56961100BF19F9 /* src */,
				52751B111B56276F00BD724B /* Products */,
			);
			sourceTree = "<group>";
		};
		52751B111B56276F00BD724B /* Products */ = {
			isa = PBXGroup;
			children = (
				52751B101B56276F00BD724B /* fHash.app */,
			);
			name = Products;
			sourceTree = "<group>";
		};
		52751B121B56276F00BD724B /* fHashMacUI */ = {
			isa = PBXGroup;
			children = (
				4198A5311B58D3B50050C831 /* Assets.xcassets */,
				418F62861BE9C8D6007337CF /* fHash.entitlements */,
				4198A5321B58D3B50050C831 /* Info.plist */,
				4198A5351B58D3C40050C831 /* Main.storyboard */,
				5222581D213CF28900012EF8 /* AboutViewController.h */,
				5222581C213CF28900012EF8 /* AboutViewController.mm */,
				52225822213CF2CA00012EF8 /* AboutWindowController.h */,
				5222581F213CF2C900012EF8 /* AboutWindowController.mm */,
				52225821213CF2CA00012EF8 /* ESSProgressIndicator.h */,
				52225820213CF2C900012EF8 /* ESSProgressIndicator.m */,
				52225826213CF2EF00012EF8 /* fHashMacAppDelegate.h */,
				52225825213CF2EF00012EF8 /* fHashMacAppDelegate.mm */,
				52225827213CF2F000012EF8 /* HyperlinkTextField.h */,
				52225828213CF2F000012EF8 /* HyperlinkTextField.m */,
				5222581A213CF24300012EF8 /* MacUtils.h */,
				52225819213CF24300012EF8 /* MacUtils.mm */,
				5222582F213CF32600012EF8 /* MainView.h */,
				5222582B213CF32500012EF8 /* MainView.mm */,
				5222582D213CF32600012EF8 /* MainViewController.h */,
				5222582C213CF32500012EF8 /* MainViewController.mm */,
				5222582E213CF32600012EF8 /* MainWindowController.h */,
				52225830213CF32600012EF8 /* MainWindowController.mm */,
				52225834213CF36400012EF8 /* NoTitlebarWindowController.h */,
				52225839213CF36400012EF8 /* NoTitlebarWindowController.mm */,
				52225838213CF36400012EF8 /* PaddingClipView.h */,
				52225837213CF36400012EF8 /* PaddingClipView.mm */,
				52225835213CF36400012EF8 /* UIBridgeMacUI.h */,
				52225836213CF36400012EF8 /* UIBridgeMacUI.mm */,
				52751B161B56276F00BD724B /* Supporting Files */,
			);
			name = fHashMacUI;
			path = TestUI;
			sourceTree = "<group>";
		};
		52751B161B56276F00BD724B /* Supporting Files */ = {
			isa = PBXGroup;
			children = (
				4198A5391B58D3DA0050C831 /* main.m */,
				41666E051B67415300A1D71F /* Localizable.strings */,
				41666E161B67573900A1D71F /* ServicesMenu.strings */,
			);
			name = "Supporting Files";
			sourceTree = "<group>";
		};
/* End PBXGroup section */

/* Begin PBXNativeTarget section */
		52751B0F1B56276F00BD724B /* fHash */ = {
			isa = PBXNativeTarget;
			buildConfigurationList = 52751B241B56276F00BD724B /* Build configuration list for PBXNativeTarget "fHash" */;
			buildPhases = (
				52751B0C1B56276F00BD724B /* Sources */,
				52751B0D1B56276F00BD724B /* Frameworks */,
				52751B0E1B56276F00BD724B /* Resources */,
			);
			buildRules = (
			);
			dependencies = (
			);
			name = fHash;
			productName = TestUI;
			productReference = 52751B101B56276F00BD724B /* fHash.app */;
			productType = "com.apple.product-type.application";
		};
/* End PBXNativeTarget section */

/* Begin PBXProject section */
		52751B081B56276F00BD724B /* Project object */ = {
			isa = PBXProject;
			attributes = {
				LastUpgradeCheck = 1200;
				ORGANIZATIONNAME = "Sun Junwen";
				TargetAttributes = {
					52751B0F1B56276F00BD724B = {
						CreatedOnToolsVersion = 7.0;
						SystemCapabilities = {
							com.apple.Sandbox = {
								enabled = 1;
							};
						};
					};
				};
			};
			buildConfigurationList = 52751B0B1B56276F00BD724B /* Build configuration list for PBXProject "fHashMacUI" */;
			compatibilityVersion = "Xcode 3.2";
			developmentRegion = en;
			hasScannedForEncodings = 0;
			knownRegions = (
				en,
				Base,
				"zh-Hans",
			);
			mainGroup = 52751B071B56276F00BD724B;
			productRefGroup = 52751B111B56276F00BD724B /* Products */;
			projectDirPath = "";
			projectRoot = "";
			targets = (
				52751B0F1B56276F00BD724B /* fHash */,
			);
		};
/* End PBXProject section */

/* Begin PBXResourcesBuildPhase section */
		52751B0E1B56276F00BD724B /* Resources */ = {
			isa = PBXResourcesBuildPhase;
			buildActionMask = 2147483647;
			files = (
				41666E141B67573900A1D71F /* ServicesMenu.strings in Resources */,
				4198A5331B58D3B50050C831 /* Assets.xcassets in Resources */,
				41666E031B67415300A1D71F /* Localizable.strings in Resources */,
				4198A5371B58D3C40050C831 /* Main.storyboard in Resources */,
			);
			runOnlyForDeploymentPostprocessing = 0;
		};
/* End PBXResourcesBuildPhase section */

/* Begin PBXSourcesBuildPhase section */
		52751B0C1B56276F00BD724B /* Sources */ = {
			isa = PBXSourcesBuildPhase;
			buildActionMask = 2147483647;
			files = (
				5222583B213CF36400012EF8 /* PaddingClipView.mm in Sources */,
				52225810213CDB2900012EF8 /* HashEngine.cpp in Sources */,
				4198A53B1B58D3DA0050C831 /* main.m in Sources */,
				52225804213CD95E00012EF8 /* strhelper.cpp in Sources */,
				52225823213CF2CA00012EF8 /* AboutWindowController.mm in Sources */,
				52225831213CF32600012EF8 /* MainView.mm in Sources */,
				52225824213CF2CA00012EF8 /* ESSProgressIndicator.m in Sources */,
				5222581E213CF28A00012EF8 /* AboutViewController.mm in Sources */,
				52225833213CF32600012EF8 /* MainWindowController.mm in Sources */,
				41FF1DF51B5B4B470081F283 /* sha256.cpp in Sources */,
				5222581B213CF24300012EF8 /* MacUtils.mm in Sources */,
				5222582A213CF2F000012EF8 /* HyperlinkTextField.m in Sources */,
				52225829213CF2F000012EF8 /* fHashMacAppDelegate.mm in Sources */,
				5222583A213CF36400012EF8 /* UIBridgeMacUI.mm in Sources */,
				4111D69D27F16A35001AD814 /* sha512.cpp in Sources */,
				52225832213CF32600012EF8 /* MainViewController.mm in Sources */,
				41FF1DDB1B5B4A5A0081F283 /* OsFilePosixDarwin.cpp in Sources */,
				41FF1DDC1B5B4A5A0081F283 /* OsThreadPosixDarwin.cpp in Sources */,
				5222583C213CF36400012EF8 /* NoTitlebarWindowController.mm in Sources */,
				41FF1DF41B5B4B470081F283 /* SHA1.cpp in Sources */,
				5222580A213CDA7C00012EF8 /* Utils.cpp in Sources */,
				41FF1DF31B5B4B470081F283 /* MD5.cpp in Sources */,
			);
			runOnlyForDeploymentPostprocessing = 0;
		};
/* End PBXSourcesBuildPhase section */

/* Begin PBXVariantGroup section */
		41666E051B67415300A1D71F /* Localizable.strings */ = {
			isa = PBXVariantGroup;
			children = (
				41666E041B67415300A1D71F /* en */,
				41666E061B6741C900A1D71F /* zh-Hans */,
				410E26141B71C9CC004B3C9A /* Base */,
			);
			name = Localizable.strings;
			path = source/OSXUI;
			sourceTree = SOURCE_ROOT;
		};
		41666E161B67573900A1D71F /* ServicesMenu.strings */ = {
			isa = PBXVariantGroup;
			children = (
				41666E151B67573900A1D71F /* en */,
				41666E171B67573D00A1D71F /* zh-Hans */,
				410E26131B71C988004B3C9A /* Base */,
			);
			name = ServicesMenu.strings;
			path = source/OSXUI;
			sourceTree = SOURCE_ROOT;
		};
		4198A5351B58D3C40050C831 /* Main.storyboard */ = {
			isa = PBXVariantGroup;
			children = (
				4198A5361B58D3C40050C831 /* Base */,
			);
			name = Main.storyboard;
			sourceTree = "<group>";
		};
/* End PBXVariantGroup section */

/* Begin XCBuildConfiguration section */
		52751B221B56276F00BD724B /* Debug */ = {
			isa = XCBuildConfiguration;
			buildSettings = {
				ALWAYS_SEARCH_USER_PATHS = NO;
				CLANG_ANALYZER_LOCALIZABILITY_NONLOCALIZED = YES;
				CLANG_CXX_LANGUAGE_STANDARD = "gnu++0x";
				CLANG_CXX_LIBRARY = "libc++";
				CLANG_ENABLE_MODULES = YES;
				CLANG_ENABLE_OBJC_ARC = YES;
				CLANG_WARN_BLOCK_CAPTURE_AUTORELEASING = YES;
				CLANG_WARN_BOOL_CONVERSION = YES;
				CLANG_WARN_COMMA = YES;
				CLANG_WARN_CONSTANT_CONVERSION = YES;
				CLANG_WARN_DEPRECATED_OBJC_IMPLEMENTATIONS = YES;
				CLANG_WARN_DIRECT_OBJC_ISA_USAGE = YES_ERROR;
				CLANG_WARN_EMPTY_BODY = YES;
				CLANG_WARN_ENUM_CONVERSION = YES;
				CLANG_WARN_INFINITE_RECURSION = YES;
				CLANG_WARN_INT_CONVERSION = YES;
				CLANG_WARN_NON_LITERAL_NULL_CONVERSION = YES;
				CLANG_WARN_OBJC_IMPLICIT_RETAIN_SELF = YES;
				CLANG_WARN_OBJC_LITERAL_CONVERSION = YES;
				CLANG_WARN_OBJC_ROOT_CLASS = YES_ERROR;
				CLANG_WARN_QUOTED_INCLUDE_IN_FRAMEWORK_HEADER = YES;
				CLANG_WARN_RANGE_LOOP_ANALYSIS = YES;
				CLANG_WARN_STRICT_PROTOTYPES = YES;
				CLANG_WARN_SUSPICIOUS_MOVE = YES;
				CLANG_WARN_UNREACHABLE_CODE = YES;
				CLANG_WARN__DUPLICATE_METHOD_MATCH = YES;
				CODE_SIGN_IDENTITY = "-";
				COPY_PHASE_STRIP = NO;
				DEBUG_INFORMATION_FORMAT = dwarf;
				ENABLE_STRICT_OBJC_MSGSEND = YES;
				ENABLE_TESTABILITY = YES;
				GCC_C_LANGUAGE_STANDARD = gnu99;
				GCC_DYNAMIC_NO_PIC = NO;
				GCC_NO_COMMON_BLOCKS = YES;
				GCC_OPTIMIZATION_LEVEL = 0;
				GCC_PREPROCESSOR_DEFINITIONS = (
					"DEBUG=1",
					"$(inherited)",
				);
				GCC_WARN_64_TO_32_BIT_CONVERSION = YES;
				GCC_WARN_ABOUT_RETURN_TYPE = YES_ERROR;
				GCC_WARN_UNDECLARED_SELECTOR = YES;
				GCC_WARN_UNINITIALIZED_AUTOS = YES_AGGRESSIVE;
				GCC_WARN_UNUSED_FUNCTION = YES;
				GCC_WARN_UNUSED_VARIABLE = YES;
				MACOSX_DEPLOYMENT_TARGET = 10.15;
				MTL_ENABLE_DEBUG_INFO = YES;
				ONLY_ACTIVE_ARCH = YES;
				SDKROOT = macosx;
			};
			name = Debug;
		};
		52751B231B56276F00BD724B /* Release */ = {
			isa = XCBuildConfiguration;
			buildSettings = {
				ALWAYS_SEARCH_USER_PATHS = NO;
				CLANG_ANALYZER_LOCALIZABILITY_NONLOCALIZED = YES;
				CLANG_CXX_LANGUAGE_STANDARD = "gnu++0x";
				CLANG_CXX_LIBRARY = "libc++";
				CLANG_ENABLE_MODULES = YES;
				CLANG_ENABLE_OBJC_ARC = YES;
				CLANG_WARN_BLOCK_CAPTURE_AUTORELEASING = YES;
				CLANG_WARN_BOOL_CONVERSION = YES;
				CLANG_WARN_COMMA = YES;
				CLANG_WARN_CONSTANT_CONVERSION = YES;
				CLANG_WARN_DEPRECATED_OBJC_IMPLEMENTATIONS = YES;
				CLANG_WARN_DIRECT_OBJC_ISA_USAGE = YES_ERROR;
				CLANG_WARN_EMPTY_BODY = YES;
				CLANG_WARN_ENUM_CONVERSION = YES;
				CLANG_WARN_INFINITE_RECURSION = YES;
				CLANG_WARN_INT_CONVERSION = YES;
				CLANG_WARN_NON_LITERAL_NULL_CONVERSION = YES;
				CLANG_WARN_OBJC_IMPLICIT_RETAIN_SELF = YES;
				CLANG_WARN_OBJC_LITERAL_CONVERSION = YES;
				CLANG_WARN_OBJC_ROOT_CLASS = YES_ERROR;
				CLANG_WARN_QUOTED_INCLUDE_IN_FRAMEWORK_HEADER = YES;
				CLANG_WARN_RANGE_LOOP_ANALYSIS = YES;
				CLANG_WARN_STRICT_PROTOTYPES = YES;
				CLANG_WARN_SUSPICIOUS_MOVE = YES;
				CLANG_WARN_UNREACHABLE_CODE = YES;
				CLANG_WARN__DUPLICATE_METHOD_MATCH = YES;
				CODE_SIGN_IDENTITY = "-";
				COPY_PHASE_STRIP = NO;
				DEBUG_INFORMATION_FORMAT = "dwarf-with-dsym";
				ENABLE_NS_ASSERTIONS = NO;
				ENABLE_STRICT_OBJC_MSGSEND = YES;
				GCC_C_LANGUAGE_STANDARD = gnu99;
				GCC_NO_COMMON_BLOCKS = YES;
				GCC_WARN_64_TO_32_BIT_CONVERSION = YES;
				GCC_WARN_ABOUT_RETURN_TYPE = YES_ERROR;
				GCC_WARN_UNDECLARED_SELECTOR = YES;
				GCC_WARN_UNINITIALIZED_AUTOS = YES_AGGRESSIVE;
				GCC_WARN_UNUSED_FUNCTION = YES;
				GCC_WARN_UNUSED_VARIABLE = YES;
				MACOSX_DEPLOYMENT_TARGET = 10.15;
				MTL_ENABLE_DEBUG_INFO = NO;
				SDKROOT = macosx;
			};
			name = Release;
		};
		52751B251B56276F00BD724B /* Debug */ = {
			isa = XCBuildConfiguration;
			buildSettings = {
				ASSETCATALOG_COMPILER_APPICON_NAME = AppIcon;
				CODE_SIGN_ENTITLEMENTS = source/OSXUI/fHash.entitlements;
				CODE_SIGN_IDENTITY = "-";
				COMBINE_HIDPI_IMAGES = YES;
				HEADER_SEARCH_PATHS = (
					"$(PROJECT_DIR)/source/OSXUI",
					"$(PROJECT_DIR)/source",
				);
				INFOPLIST_FILE = "$(SRCROOT)/source/OSXUI/Info.plist";
				LD_RUNPATH_SEARCH_PATHS = "$(inherited) @executable_path/../Frameworks";
				MACOSX_DEPLOYMENT_TARGET = 10.15;
				OTHER_CFLAGS = "-DFHASH_OSX_UI";
				OTHER_LDFLAGS = "-liconv";
				PRODUCT_BUNDLE_IDENTIFIER = org.sunjw.fHashMacUI;
				PRODUCT_NAME = "$(TARGET_NAME)";
			};
			name = Debug;
		};
		52751B261B56276F00BD724B /* Release */ = {
			isa = XCBuildConfiguration;
			buildSettings = {
				ASSETCATALOG_COMPILER_APPICON_NAME = AppIcon;
				CODE_SIGN_ENTITLEMENTS = source/OSXUI/fHash.entitlements;
				CODE_SIGN_IDENTITY = "-";
				COMBINE_HIDPI_IMAGES = YES;
				HEADER_SEARCH_PATHS = (
					"$(PROJECT_DIR)/source/OSXUI",
					"$(PROJECT_DIR)/source",
				);
				INFOPLIST_FILE = "$(SRCROOT)/source/OSXUI/Info.plist";
				LD_RUNPATH_SEARCH_PATHS = "$(inherited) @executable_path/../Frameworks";
				MACOSX_DEPLOYMENT_TARGET = 10.15;
				OTHER_CFLAGS = "-DFHASH_OSX_UI";
				OTHER_LDFLAGS = "-liconv";
				PRODUCT_BUNDLE_IDENTIFIER = org.sunjw.fHashMacUI;
				PRODUCT_NAME = "$(TARGET_NAME)";
			};
			name = Release;
		};
/* End XCBuildConfiguration section */

/* Begin XCConfigurationList section */
		52751B0B1B56276F00BD724B /* Build configuration list for PBXProject "fHashMacUI" */ = {
			isa = XCConfigurationList;
			buildConfigurations = (
				52751B221B56276F00BD724B /* Debug */,
				52751B231B56276F00BD724B /* Release */,
			);
			defaultConfigurationIsVisible = 0;
			defaultConfigurationName = Release;
		};
		52751B241B56276F00BD724B /* Build configuration list for PBXNativeTarget "fHash" */ = {
			isa = XCConfigurationList;
			buildConfigurations = (
				52751B251B56276F00BD724B /* Debug */,
				52751B261B56276F00BD724B /* Release */,
			);
			defaultConfigurationIsVisible = 0;
			defaultConfigurationName = Release;
		};
/* End XCConfigurationList section */
	};
	rootObject = 52751B081B56276F00BD724B /* Project object */;
}
