// !$*UTF8*$!
{
	archiveVersion = 1;
	classes = {
	};
	objectVersion = 54;
	objects = {

/* Begin PBXBuildFile section */
		4111D69D27F16A35001AD814 /* sha512.cpp in Sources */ = {isa = PBXBuildFile; fileRef = 4111D69C27F16A35001AD814 /* sha512.cpp */; };
		4119D65F2B2012B70005D7E5 /* MainViewController.swift in Sources */ = {isa = PBXBuildFile; fileRef = 4119D65E2B2012B70005D7E5 /* MainViewController.swift */; };
		413870E22B1F20C500448A6F /* AboutViewController.swift in Sources */ = {isa = PBXBuildFile; fileRef = 413870E12B1F20C500448A6F /* AboutViewController.swift */; };
		4142A2B42E7D5A3000F43F56 /* fHashIconTahoe.icon in Resources */ = {isa = PBXBuildFile; fileRef = 4142A2B32E7D5A3000F43F56 /* fHashIconTahoe.icon */; };
		4142AB552E7AA0E10072FE1B /* MainScrollView.swift in Sources */ = {isa = PBXBuildFile; fileRef = 4142AB542E7AA0E10072FE1B /* MainScrollView.swift */; };
		41666E031B67415300A1D71F /* Localizable.strings in Resources */ = {isa = PBXBuildFile; fileRef = 41666E051B67415300A1D71F /* Localizable.strings */; };
		41666E141B67573900A1D71F /* ServicesMenu.strings in Resources */ = {isa = PBXBuildFile; fileRef = 41666E161B67573900A1D71F /* ServicesMenu.strings */; };
		417AC3D42B19C992003DFFAF /* PaddingClipView.swift in Sources */ = {isa = PBXBuildFile; fileRef = 417AC3D32B19C992003DFFAF /* PaddingClipView.swift */; };
		417AC3D62B19CDC2003DFFAF /* NoTitlebarWindowController.swift in Sources */ = {isa = PBXBuildFile; fileRef = 417AC3D52B19CDC2003DFFAF /* NoTitlebarWindowController.swift */; };
		417AC3D82B19D1BC003DFFAF /* MainWindowController.swift in Sources */ = {isa = PBXBuildFile; fileRef = 417AC3D72B19D1BC003DFFAF /* MainWindowController.swift */; };
		4198A5331B58D3B50050C831 /* Assets.xcassets in Resources */ = {isa = PBXBuildFile; fileRef = 4198A5311B58D3B50050C831 /* Assets.xcassets */; };
		4198A5371B58D3C40050C831 /* Main.storyboard in Resources */ = {isa = PBXBuildFile; fileRef = 4198A5351B58D3C40050C831 /* Main.storyboard */; };
		41AAAF372B1D92C200146768 /* AboutWindowController.swift in Sources */ = {isa = PBXBuildFile; fileRef = 41AAAF362B1D92C200146768 /* AboutWindowController.swift */; };
		41AAAF392B1D931A00146768 /* MacSwiftUtils.swift in Sources */ = {isa = PBXBuildFile; fileRef = 41AAAF382B1D931A00146768 /* MacSwiftUtils.swift */; };
		41AAAF3B2B1DBB5D00146768 /* HyperlinkTextField.swift in Sources */ = {isa = PBXBuildFile; fileRef = 41AAAF3A2B1DBB5D00146768 /* HyperlinkTextField.swift */; };
		41B45DFB2B269F9500846043 /* MainView.swift in Sources */ = {isa = PBXBuildFile; fileRef = 41B45DFA2B269F9500846043 /* MainView.swift */; };
		41B45DFD2B26A2DB00846043 /* fHashMacAppDelegate.swift in Sources */ = {isa = PBXBuildFile; fileRef = 41B45DFC2B26A2DB00846043 /* fHashMacAppDelegate.swift */; };
		41B6B5552D017DAB00697E22 /* DockProgress.swift in Sources */ = {isa = PBXBuildFile; fileRef = 41B6B5532D017DAB00697E22 /* DockProgress.swift */; };
		41B6B5562D017DAB00697E22 /* DockProgressUtilities.swift in Sources */ = {isa = PBXBuildFile; fileRef = 41B6B5542D017DAB00697E22 /* DockProgressUtilities.swift */; };
		41C4BB062B215BEC004A6C34 /* UIBridgeMacSwift.mm in Sources */ = {isa = PBXBuildFile; fileRef = 41C4BB052B215BEC004A6C34 /* UIBridgeMacSwift.mm */; };
		41C4BB082B2169AB004A6C34 /* ResultDataSwift.swift in Sources */ = {isa = PBXBuildFile; fileRef = 41C4BB072B2169AB004A6C34 /* ResultDataSwift.swift */; };
		41C4BB0B2B21B090004A6C34 /* HashBridge.mm in Sources */ = {isa = PBXBuildFile; fileRef = 41C4BB0A2B21B090004A6C34 /* HashBridge.mm */; };
		41FF1DDB1B5B4A5A0081F283 /* OsFilePosixDarwin.cpp in Sources */ = {isa = PBXBuildFile; fileRef = 41FF1DD81B5B4A5A0081F283 /* OsFilePosixDarwin.cpp */; };
		41FF1DDC1B5B4A5A0081F283 /* OsThreadPosixDarwin.cpp in Sources */ = {isa = PBXBuildFile; fileRef = 41FF1DDA1B5B4A5A0081F283 /* OsThreadPosixDarwin.cpp */; };
		41FF1DF31B5B4B470081F283 /* MD5.cpp in Sources */ = {isa = PBXBuildFile; fileRef = 41FF1DEC1B5B4B470081F283 /* MD5.cpp */; };
		41FF1DF41B5B4B470081F283 /* SHA1.cpp in Sources */ = {isa = PBXBuildFile; fileRef = 41FF1DEE1B5B4B470081F283 /* SHA1.cpp */; };
		41FF1DF51B5B4B470081F283 /* sha256.cpp in Sources */ = {isa = PBXBuildFile; fileRef = 41FF1DF01B5B4B470081F283 /* sha256.cpp */; };
		52225804213CD95E00012EF8 /* strhelper.cpp in Sources */ = {isa = PBXBuildFile; fileRef = 52225802213CD95D00012EF8 /* strhelper.cpp */; };
		5222580A213CDA7C00012EF8 /* Utils.cpp in Sources */ = {isa = PBXBuildFile; fileRef = 52225808213CDA7C00012EF8 /* Utils.cpp */; };
		52225810213CDB2900012EF8 /* HashEngine.cpp in Sources */ = {isa = PBXBuildFile; fileRef = 5222580F213CDB2900012EF8 /* HashEngine.cpp */; };
		5222581B213CF24300012EF8 /* MacUtils.mm in Sources */ = {isa = PBXBuildFile; fileRef = 52225819213CF24300012EF8 /* MacUtils.mm */; };
/* End PBXBuildFile section */

/* Begin PBXFileReference section */
		410E26131B71C988004B3C9A /* Base */ = {isa = PBXFileReference; lastKnownFileType = text.plist.strings; name = Base; path = Base.lproj/ServicesMenu.strings; sourceTree = "<group>"; };
		410E26141B71C9CC004B3C9A /* Base */ = {isa = PBXFileReference; lastKnownFileType = text.plist.strings; name = Base; path = Base.lproj/Localizable.strings; sourceTree = "<group>"; };
		4111D69B27F16A35001AD814 /* sha512.h */ = {isa = PBXFileReference; fileEncoding = 4; lastKnownFileType = sourcecode.c.h; name = sha512.h; path = source/Algorithms/sha512.h; sourceTree = "<group>"; };
		4111D69C27F16A35001AD814 /* sha512.cpp */ = {isa = PBXFileReference; fileEncoding = 4; lastKnownFileType = sourcecode.cpp.cpp; name = sha512.cpp; path = source/Algorithms/sha512.cpp; sourceTree = "<group>"; };
		4119D65E2B2012B70005D7E5 /* MainViewController.swift */ = {isa = PBXFileReference; lastKnownFileType = sourcecode.swift; path = MainViewController.swift; sourceTree = "<group>"; };
		413870E12B1F20C500448A6F /* AboutViewController.swift */ = {isa = PBXFileReference; lastKnownFileType = sourcecode.swift; path = AboutViewController.swift; sourceTree = "<group>"; };
		4142A2B32E7D5A3000F43F56 /* fHashIconTahoe.icon */ = {isa = PBXFileReference; lastKnownFileType = folder.iconcomposer.icon; path = fHashIconTahoe.icon; sourceTree = "<group>"; };
		4142AB542E7AA0E10072FE1B /* MainScrollView.swift */ = {isa = PBXFileReference; lastKnownFileType = sourcecode.swift; path = MainScrollView.swift; sourceTree = "<group>"; };
		415F8D6E28CF558500D8971C /* ThreadPool.h */ = {isa = PBXFileReference; lastKnownFileType = sourcecode.c.h; name = ThreadPool.h; path = source/Common/ThreadPool.h; sourceTree = "<group>"; };
		4163EC952850A2C900453333 /* stdafx.h */ = {isa = PBXFileReference; lastKnownFileType = sourcecode.c.h; name = stdafx.h; path = source/OSXUI/stdafx.h; sourceTree = "<group>"; };
		41666E041B67415300A1D71F /* en */ = {isa = PBXFileReference; lastKnownFileType = text.plist.strings; name = en; path = en.lproj/Localizable.strings; sourceTree = "<group>"; };
		41666E061B6741C900A1D71F /* zh-Hans */ = {isa = PBXFileReference; lastKnownFileType = text.plist.strings; name = "zh-Hans"; path = "zh-Hans.lproj/Localizable.strings"; sourceTree = "<group>"; };
		41666E151B67573900A1D71F /* en */ = {isa = PBXFileReference; lastKnownFileType = text.plist.strings; name = en; path = en.lproj/ServicesMenu.strings; sourceTree = "<group>"; };
		41666E171B67573D00A1D71F /* zh-Hans */ = {isa = PBXFileReference; fileEncoding = 10; lastKnownFileType = text.plist.strings; name = "zh-Hans"; path = "zh-Hans.lproj/ServicesMenu.strings"; sourceTree = "<group>"; };
		417AC3D02B197FF5003DFFAF /* fHash-Bridging-Header.h */ = {isa = PBXFileReference; lastKnownFileType = sourcecode.c.h; name = "fHash-Bridging-Header.h"; path = "source/OSXUI/fHash-Bridging-Header.h"; sourceTree = SOURCE_ROOT; };
		417AC3D32B19C992003DFFAF /* PaddingClipView.swift */ = {isa = PBXFileReference; lastKnownFileType = sourcecode.swift; path = PaddingClipView.swift; sourceTree = "<group>"; };
		417AC3D52B19CDC2003DFFAF /* NoTitlebarWindowController.swift */ = {isa = PBXFileReference; lastKnownFileType = sourcecode.swift; path = NoTitlebarWindowController.swift; sourceTree = "<group>"; };
		417AC3D72B19D1BC003DFFAF /* MainWindowController.swift */ = {isa = PBXFileReference; lastKnownFileType = sourcecode.swift; path = MainWindowController.swift; sourceTree = "<group>"; };
		418F62861BE9C8D6007337CF /* fHash.entitlements */ = {isa = PBXFileReference; fileEncoding = 4; lastKnownFileType = text.xml; name = fHash.entitlements; path = source/OSXUI/fHash.entitlements; sourceTree = SOURCE_ROOT; };
		4198A5311B58D3B50050C831 /* Assets.xcassets */ = {isa = PBXFileReference; lastKnownFileType = folder.assetcatalog; name = Assets.xcassets; path = source/OSXUI/Assets.xcassets; sourceTree = SOURCE_ROOT; };
		4198A5321B58D3B50050C831 /* Info.plist */ = {isa = PBXFileReference; fileEncoding = 4; lastKnownFileType = text.plist.xml; name = Info.plist; path = source/OSXUI/Info.plist; sourceTree = SOURCE_ROOT; };
		4198A5361B58D3C40050C831 /* Base */ = {isa = PBXFileReference; lastKnownFileType = file.storyboard; name = Base; path = source/OSXUI/Base.lproj/Main.storyboard; sourceTree = SOURCE_ROOT; };
		41A4A573285198E500D1ECAC /* endianness.h */ = {isa = PBXFileReference; fileEncoding = 4; lastKnownFileType = sourcecode.c.h; name = endianness.h; path = source/Algorithms/endianness.h; sourceTree = "<group>"; };
		41AAAF362B1D92C200146768 /* AboutWindowController.swift */ = {isa = PBXFileReference; lastKnownFileType = sourcecode.swift; path = AboutWindowController.swift; sourceTree = "<group>"; };
		41AAAF382B1D931A00146768 /* MacSwiftUtils.swift */ = {isa = PBXFileReference; lastKnownFileType = sourcecode.swift; path = MacSwiftUtils.swift; sourceTree = "<group>"; };
		41AAAF3A2B1DBB5D00146768 /* HyperlinkTextField.swift */ = {isa = PBXFileReference; lastKnownFileType = sourcecode.swift; path = HyperlinkTextField.swift; sourceTree = "<group>"; };
		41B45DFA2B269F9500846043 /* MainView.swift */ = {isa = PBXFileReference; lastKnownFileType = sourcecode.swift; path = MainView.swift; sourceTree = "<group>"; };
		41B45DFC2B26A2DB00846043 /* fHashMacAppDelegate.swift */ = {isa = PBXFileReference; lastKnownFileType = sourcecode.swift; path = fHashMacAppDelegate.swift; sourceTree = "<group>"; };
		41B6B5532D017DAB00697E22 /* DockProgress.swift */ = {isa = PBXFileReference; lastKnownFileType = sourcecode.swift; path = DockProgress.swift; sourceTree = "<group>"; };
		41B6B5542D017DAB00697E22 /* DockProgressUtilities.swift */ = {isa = PBXFileReference; lastKnownFileType = sourcecode.swift; path = DockProgressUtilities.swift; sourceTree = "<group>"; };
		41B6B5572D01975800697E22 /* fHash-Swift-Header.h */ = {isa = PBXFileReference; lastKnownFileType = sourcecode.c.h; path = "fHash-Swift-Header.h"; sourceTree = "<group>"; };
		41C4BB042B215BC5004A6C34 /* UIBridgeMacSwift.h */ = {isa = PBXFileReference; lastKnownFileType = sourcecode.c.h; path = UIBridgeMacSwift.h; sourceTree = "<group>"; };
		41C4BB052B215BEC004A6C34 /* UIBridgeMacSwift.mm */ = {isa = PBXFileReference; lastKnownFileType = sourcecode.cpp.objcpp; path = UIBridgeMacSwift.mm; sourceTree = "<group>"; };
		41C4BB072B2169AB004A6C34 /* ResultDataSwift.swift */ = {isa = PBXFileReference; lastKnownFileType = sourcecode.swift; path = ResultDataSwift.swift; sourceTree = "<group>"; };
		41C4BB092B21B05F004A6C34 /* HashBridge.h */ = {isa = PBXFileReference; lastKnownFileType = sourcecode.c.h; path = HashBridge.h; sourceTree = "<group>"; };
		41C4BB0A2B21B090004A6C34 /* HashBridge.mm */ = {isa = PBXFileReference; lastKnownFileType = sourcecode.cpp.objcpp; path = HashBridge.mm; sourceTree = "<group>"; };
		41F2360A20C77C3E005E6724 /* MD5.h */ = {isa = PBXFileReference; fileEncoding = 4; lastKnownFileType = sourcecode.c.h; name = MD5.h; path = source/Algorithms/MD5.h; sourceTree = "<group>"; };
		41FF1DD71B5B4A5A0081F283 /* OsFile.h */ = {isa = PBXFileReference; fileEncoding = 4; lastKnownFileType = sourcecode.c.h; name = OsFile.h; path = source/OsUtils/OsFile.h; sourceTree = "<group>"; };
		41FF1DD81B5B4A5A0081F283 /* OsFilePosixDarwin.cpp */ = {isa = PBXFileReference; fileEncoding = 4; lastKnownFileType = sourcecode.cpp.cpp; name = OsFilePosixDarwin.cpp; path = source/OsUtils/OsFilePosixDarwin.cpp; sourceTree = "<group>"; };
		41FF1DD91B5B4A5A0081F283 /* OsThread.h */ = {isa = PBXFileReference; fileEncoding = 4; lastKnownFileType = sourcecode.c.h; name = OsThread.h; path = source/OsUtils/OsThread.h; sourceTree = "<group>"; };
		41FF1DDA1B5B4A5A0081F283 /* OsThreadPosixDarwin.cpp */ = {isa = PBXFileReference; fileEncoding = 4; lastKnownFileType = sourcecode.cpp.cpp; name = OsThreadPosixDarwin.cpp; path = source/OsUtils/OsThreadPosixDarwin.cpp; sourceTree = "<group>"; };
		41FF1DEC1B5B4B470081F283 /* MD5.cpp */ = {isa = PBXFileReference; fileEncoding = 4; lastKnownFileType = sourcecode.cpp.cpp; name = MD5.cpp; path = source/Algorithms/MD5.cpp; sourceTree = "<group>"; };
		41FF1DEE1B5B4B470081F283 /* SHA1.cpp */ = {isa = PBXFileReference; fileEncoding = 4; lastKnownFileType = sourcecode.cpp.cpp; name = SHA1.cpp; path = source/Algorithms/SHA1.cpp; sourceTree = "<group>"; };
		41FF1DEF1B5B4B470081F283 /* SHA1.h */ = {isa = PBXFileReference; fileEncoding = 4; lastKnownFileType = sourcecode.c.h; name = SHA1.h; path = source/Algorithms/SHA1.h; sourceTree = "<group>"; };
		41FF1DF01B5B4B470081F283 /* sha256.cpp */ = {isa = PBXFileReference; fileEncoding = 4; lastKnownFileType = sourcecode.cpp.cpp; name = sha256.cpp; path = source/Algorithms/sha256.cpp; sourceTree = "<group>"; };
		41FF1DF11B5B4B470081F283 /* sha256.h */ = {isa = PBXFileReference; fileEncoding = 4; lastKnownFileType = sourcecode.c.h; name = sha256.h; path = source/Algorithms/sha256.h; sourceTree = "<group>"; };
		52225800213CD69A00012EF8 /* Global.h */ = {isa = PBXFileReference; fileEncoding = 4; lastKnownFileType = sourcecode.c.h; name = Global.h; path = source/Common/Global.h; sourceTree = "<group>"; };
		52225802213CD95D00012EF8 /* strhelper.cpp */ = {isa = PBXFileReference; fileEncoding = 4; lastKnownFileType = sourcecode.cpp.cpp; name = strhelper.cpp; path = source/Common/strhelper.cpp; sourceTree = "<group>"; };
		52225803213CD95D00012EF8 /* strhelper.h */ = {isa = PBXFileReference; fileEncoding = 4; lastKnownFileType = sourcecode.c.h; name = strhelper.h; path = source/Common/strhelper.h; sourceTree = "<group>"; };
		52225808213CDA7C00012EF8 /* Utils.cpp */ = {isa = PBXFileReference; fileEncoding = 4; lastKnownFileType = sourcecode.cpp.cpp; name = Utils.cpp; path = source/Common/Utils.cpp; sourceTree = "<group>"; };
		52225809213CDA7C00012EF8 /* Utils.h */ = {isa = PBXFileReference; fileEncoding = 4; lastKnownFileType = sourcecode.c.h; name = Utils.h; path = source/Common/Utils.h; sourceTree = "<group>"; };
		5222580E213CDB2900012EF8 /* HashEngine.h */ = {isa = PBXFileReference; fileEncoding = 4; lastKnownFileType = sourcecode.c.h; name = HashEngine.h; path = source/Common/HashEngine.h; sourceTree = "<group>"; };
		5222580F213CDB2900012EF8 /* HashEngine.cpp */ = {isa = PBXFileReference; fileEncoding = 4; lastKnownFileType = sourcecode.cpp.cpp; name = HashEngine.cpp; path = source/Common/HashEngine.cpp; sourceTree = "<group>"; usesTabs = 1; };
		52225814213CDB9D00012EF8 /* UIBridgeBase.h */ = {isa = PBXFileReference; fileEncoding = 4; lastKnownFileType = sourcecode.c.h; name = UIBridgeBase.h; path = source/Common/UIBridgeBase.h; sourceTree = "<group>"; };
		52225819213CF24300012EF8 /* MacUtils.mm */ = {isa = PBXFileReference; fileEncoding = 4; lastKnownFileType = sourcecode.cpp.objcpp; name = MacUtils.mm; path = source/OSXUI/MacUtils.mm; sourceTree = SOURCE_ROOT; };
		5222581A213CF24300012EF8 /* MacUtils.h */ = {isa = PBXFileReference; fileEncoding = 4; lastKnownFileType = sourcecode.c.h; name = MacUtils.h; path = source/OSXUI/MacUtils.h; sourceTree = SOURCE_ROOT; };
		52751B101B56276F00BD724B /* fHash.app */ = {isa = PBXFileReference; explicitFileType = wrapper.application; includeInIndex = 0; path = fHash.app; sourceTree = BUILT_PRODUCTS_DIR; };
/* End PBXFileReference section */

/* Begin PBXFrameworksBuildPhase section */
		52751B0D1B56276F00BD724B /* Frameworks */ = {
			isa = PBXFrameworksBuildPhase;
			buildActionMask = 2147483647;
			files = (
			);
			runOnlyForDeploymentPostprocessing = 0;
		};
/* End PBXFrameworksBuildPhase section */

/* Begin PBXGroup section */
		41FF1DCE1B5B49840081F283 /* Common */ = {
			isa = PBXGroup;
			children = (
				52225800213CD69A00012EF8 /* Global.h */,
				5222580F213CDB2900012EF8 /* HashEngine.cpp */,
				5222580E213CDB2900012EF8 /* HashEngine.h */,
				4163EC952850A2C900453333 /* stdafx.h */,
				52225802213CD95D00012EF8 /* strhelper.cpp */,
				52225803213CD95D00012EF8 /* strhelper.h */,
				415F8D6E28CF558500D8971C /* ThreadPool.h */,
				52225814213CDB9D00012EF8 /* UIBridgeBase.h */,
				52225808213CDA7C00012EF8 /* Utils.cpp */,
				52225809213CDA7C00012EF8 /* Utils.h */,
			);
			name = Common;
			sourceTree = "<group>";
		};
		41FF1DD61B5B4A420081F283 /* OsUtils */ = {
			isa = PBXGroup;
			children = (
				41FF1DD71B5B4A5A0081F283 /* OsFile.h */,
				41FF1DD81B5B4A5A0081F283 /* OsFilePosixDarwin.cpp */,
				41FF1DD91B5B4A5A0081F283 /* OsThread.h */,
				41FF1DDA1B5B4A5A0081F283 /* OsThreadPosixDarwin.cpp */,
			);
			name = OsUtils;
			sourceTree = "<group>";
		};
		41FF1DDD1B5B4ACA0081F283 /* Algorithms */ = {
			isa = PBXGroup;
			children = (
				41A4A573285198E500D1ECAC /* endianness.h */,
				41FF1DEC1B5B4B470081F283 /* MD5.cpp */,
				41F2360A20C77C3E005E6724 /* MD5.h */,
				41FF1DEE1B5B4B470081F283 /* SHA1.cpp */,
				41FF1DEF1B5B4B470081F283 /* SHA1.h */,
				41FF1DF01B5B4B470081F283 /* sha256.cpp */,
				41FF1DF11B5B4B470081F283 /* sha256.h */,
				4111D69C27F16A35001AD814 /* sha512.cpp */,
				4111D69B27F16A35001AD814 /* sha512.h */,
			);
			name = Algorithms;
			sourceTree = "<group>";
		};
		52751B071B56276F00BD724B = {
			isa = PBXGroup;
			children = (
				41FF1DCE1B5B49840081F283 /* Common */,
				41FF1DD61B5B4A420081F283 /* OsUtils */,
				41FF1DDD1B5B4ACA0081F283 /* Algorithms */,
				52751B121B56276F00BD724B /* fHashMacUI */,
				52751B111B56276F00BD724B /* Products */,
			);
			sourceTree = "<group>";
		};
		52751B111B56276F00BD724B /* Products */ = {
			isa = PBXGroup;
			children = (
				52751B101B56276F00BD724B /* fHash.app */,
			);
			name = Products;
			sourceTree = "<group>";
		};
		52751B121B56276F00BD724B /* fHashMacUI */ = {
			isa = PBXGroup;
			children = (
				4198A5311B58D3B50050C831 /* Assets.xcassets */,
				418F62861BE9C8D6007337CF /* fHash.entitlements */,
				4198A5321B58D3B50050C831 /* Info.plist */,
				4198A5351B58D3C40050C831 /* Main.storyboard */,
				4142A2B32E7D5A3000F43F56 /* fHashIconTahoe.icon */,
				417AC3D02B197FF5003DFFAF /* fHash-Bridging-Header.h */,
				41B6B5572D01975800697E22 /* fHash-Swift-Header.h */,
				413870E12B1F20C500448A6F /* AboutViewController.swift */,
				41AAAF362B1D92C200146768 /* AboutWindowController.swift */,
				41B6B5532D017DAB00697E22 /* DockProgress.swift */,
				41B6B5542D017DAB00697E22 /* DockProgressUtilities.swift */,
				41B45DFC2B26A2DB00846043 /* fHashMacAppDelegate.swift */,
				41AAAF3A2B1DBB5D00146768 /* HyperlinkTextField.swift */,
				5222581A213CF24300012EF8 /* MacUtils.h */,
				52225819213CF24300012EF8 /* MacUtils.mm */,
				41AAAF382B1D931A00146768 /* MacSwiftUtils.swift */,
				4142AB542E7AA0E10072FE1B /* MainScrollView.swift */,
				41B45DFA2B269F9500846043 /* MainView.swift */,
				4119D65E2B2012B70005D7E5 /* MainViewController.swift */,
				417AC3D72B19D1BC003DFFAF /* MainWindowController.swift */,
				417AC3D52B19CDC2003DFFAF /* NoTitlebarWindowController.swift */,
				417AC3D32B19C992003DFFAF /* PaddingClipView.swift */,
				41C4BB072B2169AB004A6C34 /* ResultDataSwift.swift */,
				41C4BB092B21B05F004A6C34 /* HashBridge.h */,
				41C4BB0A2B21B090004A6C34 /* HashBridge.mm */,
				41C4BB042B215BC5004A6C34 /* UIBridgeMacSwift.h */,
				41C4BB052B215BEC004A6C34 /* UIBridgeMacSwift.mm */,
				52751B161B56276F00BD724B /* Supporting Files */,
			);
			name = fHashMacUI;
			path = source/OSXUI;
			sourceTree = "<group>";
		};
		52751B161B56276F00BD724B /* Supporting Files */ = {
			isa = PBXGroup;
			children = (
				41666E051B67415300A1D71F /* Localizable.strings */,
				41666E161B67573900A1D71F /* ServicesMenu.strings */,
			);
			name = "Supporting Files";
			sourceTree = "<group>";
		};
/* End PBXGroup section */

/* Begin PBXNativeTarget section */
		52751B0F1B56276F00BD724B /* fHash */ = {
			isa = PBXNativeTarget;
			buildConfigurationList = 52751B241B56276F00BD724B /* Build configuration list for PBXNativeTarget "fHash" */;
			buildPhases = (
				52751B0C1B56276F00BD724B /* Sources */,
				52751B0D1B56276F00BD724B /* Frameworks */,
				52751B0E1B56276F00BD724B /* Resources */,
			);
			buildRules = (
			);
			dependencies = (
			);
			name = fHash;
			productName = fHashMacUI;
			productReference = 52751B101B56276F00BD724B /* fHash.app */;
			productType = "com.apple.product-type.application";
		};
/* End PBXNativeTarget section */

/* Begin PBXProject section */
		52751B081B56276F00BD724B /* Project object */ = {
			isa = PBXProject;
			attributes = {
				BuildIndependentTargetsInParallel = YES;
				LastUpgradeCheck = 2600;
				ORGANIZATIONNAME = "Sun Junwen";
				TargetAttributes = {
					52751B0F1B56276F00BD724B = {
						CreatedOnToolsVersion = 7.0;
						LastSwiftMigration = 1500;
						SystemCapabilities = {
							com.apple.Sandbox = {
								enabled = 1;
							};
						};
					};
				};
			};
			buildConfigurationList = 52751B0B1B56276F00BD724B /* Build configuration list for PBXProject "fHashMacUI" */;
			compatibilityVersion = "Xcode 3.2";
			developmentRegion = en;
			hasScannedForEncodings = 0;
			knownRegions = (
				en,
				Base,
				"zh-Hans",
			);
			mainGroup = 52751B071B56276F00BD724B;
			productRefGroup = 52751B111B56276F00BD724B /* Products */;
			projectDirPath = "";
			projectRoot = "";
			targets = (
				52751B0F1B56276F00BD724B /* fHash */,
			);
		};
/* End PBXProject section */

/* Begin PBXResourcesBuildPhase section */
		52751B0E1B56276F00BD724B /* Resources */ = {
			isa = PBXResourcesBuildPhase;
			buildActionMask = 2147483647;
			files = (
				4142A2B42E7D5A3000F43F56 /* fHashIconTahoe.icon in Resources */,
				41666E141B67573900A1D71F /* ServicesMenu.strings in Resources */,
				4198A5331B58D3B50050C831 /* Assets.xcassets in Resources */,
				41666E031B67415300A1D71F /* Localizable.strings in Resources */,
				4198A5371B58D3C40050C831 /* Main.storyboard in Resources */,
			);
			runOnlyForDeploymentPostprocessing = 0;
		};
/* End PBXResourcesBuildPhase section */

/* Begin PBXSourcesBuildPhase section */
		52751B0C1B56276F00BD724B /* Sources */ = {
			isa = PBXSourcesBuildPhase;
			buildActionMask = 2147483647;
			files = (
				52225810213CDB2900012EF8 /* HashEngine.cpp in Sources */,
				41B45DFD2B26A2DB00846043 /* fHashMacAppDelegate.swift in Sources */,
				41B45DFB2B269F9500846043 /* MainView.swift in Sources */,
				417AC3D82B19D1BC003DFFAF /* MainWindowController.swift in Sources */,
				41C4BB082B2169AB004A6C34 /* ResultDataSwift.swift in Sources */,
				41C4BB0B2B21B090004A6C34 /* HashBridge.mm in Sources */,
				41C4BB062B215BEC004A6C34 /* UIBridgeMacSwift.mm in Sources */,
				41AAAF3B2B1DBB5D00146768 /* HyperlinkTextField.swift in Sources */,
				41AAAF372B1D92C200146768 /* AboutWindowController.swift in Sources */,
				413870E22B1F20C500448A6F /* AboutViewController.swift in Sources */,
				52225804213CD95E00012EF8 /* strhelper.cpp in Sources */,
				41FF1DF51B5B4B470081F283 /* sha256.cpp in Sources */,
				41B6B5552D017DAB00697E22 /* DockProgress.swift in Sources */,
				41B6B5562D017DAB00697E22 /* DockProgressUtilities.swift in Sources */,
				5222581B213CF24300012EF8 /* MacUtils.mm in Sources */,
				417AC3D42B19C992003DFFAF /* PaddingClipView.swift in Sources */,
				4142AB552E7AA0E10072FE1B /* MainScrollView.swift in Sources */,
				417AC3D62B19CDC2003DFFAF /* NoTitlebarWindowController.swift in Sources */,
				4119D65F2B2012B70005D7E5 /* MainViewController.swift in Sources */,
				4111D69D27F16A35001AD814 /* sha512.cpp in Sources */,
				41FF1DDB1B5B4A5A0081F283 /* OsFilePosixDarwin.cpp in Sources */,
				41FF1DDC1B5B4A5A0081F283 /* OsThreadPosixDarwin.cpp in Sources */,
				41FF1DF41B5B4B470081F283 /* SHA1.cpp in Sources */,
				41AAAF392B1D931A00146768 /* MacSwiftUtils.swift in Sources */,
				5222580A213CDA7C00012EF8 /* Utils.cpp in Sources */,
				41FF1DF31B5B4B470081F283 /* MD5.cpp in Sources */,
			);
			runOnlyForDeploymentPostprocessing = 0;
		};
/* End PBXSourcesBuildPhase section */

/* Begin PBXVariantGroup section */
		41666E051B67415300A1D71F /* Localizable.strings */ = {
			isa = PBXVariantGroup;
			children = (
				41666E041B67415300A1D71F /* en */,
				41666E061B6741C900A1D71F /* zh-Hans */,
				410E26141B71C9CC004B3C9A /* Base */,
			);
			name = Localizable.strings;
			path = source/OSXUI;
			sourceTree = SOURCE_ROOT;
		};
		41666E161B67573900A1D71F /* ServicesMenu.strings */ = {
			isa = PBXVariantGroup;
			children = (
				41666E151B67573900A1D71F /* en */,
				41666E171B67573D00A1D71F /* zh-Hans */,
				410E26131B71C988004B3C9A /* Base */,
			);
			name = ServicesMenu.strings;
			path = source/OSXUI;
			sourceTree = SOURCE_ROOT;
		};
		4198A5351B58D3C40050C831 /* Main.storyboard */ = {
			isa = PBXVariantGroup;
			children = (
				4198A5361B58D3C40050C831 /* Base */,
			);
			name = Main.storyboard;
			sourceTree = "<group>";
		};
/* End PBXVariantGroup section */

/* Begin XCBuildConfiguration section */
		52751B221B56276F00BD724B /* Debug */ = {
			isa = XCBuildConfiguration;
			buildSettings = {
				ALWAYS_SEARCH_USER_PATHS = NO;
				ASSETCATALOG_COMPILER_GENERATE_SWIFT_ASSET_SYMBOL_EXTENSIONS = YES;
				CLANG_ANALYZER_LOCALIZABILITY_NONLOCALIZED = YES;
				CLANG_CXX_LANGUAGE_STANDARD = "compiler-default";
				CLANG_CXX_LIBRARY = "libc++";
				CLANG_ENABLE_MODULES = YES;
				CLANG_ENABLE_OBJC_ARC = YES;
				CLANG_WARN_BLOCK_CAPTURE_AUTORELEASING = YES;
				CLANG_WARN_BOOL_CONVERSION = YES;
				CLANG_WARN_COMMA = YES;
				CLANG_WARN_CONSTANT_CONVERSION = YES;
				CLANG_WARN_DEPRECATED_OBJC_IMPLEMENTATIONS = YES;
				CLANG_WARN_DIRECT_OBJC_ISA_USAGE = YES_ERROR;
				CLANG_WARN_EMPTY_BODY = YES;
				CLANG_WARN_ENUM_CONVERSION = YES;
				CLANG_WARN_INFINITE_RECURSION = YES;
				CLANG_WARN_INT_CONVERSION = YES;
				CLANG_WARN_NON_LITERAL_NULL_CONVERSION = YES;
				CLANG_WARN_OBJC_IMPLICIT_RETAIN_SELF = YES;
				CLANG_WARN_OBJC_LITERAL_CONVERSION = YES;
				CLANG_WARN_OBJC_ROOT_CLASS = YES_ERROR;
				CLANG_WARN_QUOTED_INCLUDE_IN_FRAMEWORK_HEADER = YES;
				CLANG_WARN_RANGE_LOOP_ANALYSIS = YES;
				CLANG_WARN_STRICT_PROTOTYPES = YES;
				CLANG_WARN_SUSPICIOUS_MOVE = YES;
				CLANG_WARN_UNREACHABLE_CODE = YES;
				CLANG_WARN__DUPLICATE_METHOD_MATCH = YES;
				CODE_SIGN_IDENTITY = "-";
				COPY_PHASE_STRIP = NO;
				DEAD_CODE_STRIPPING = YES;
				DEBUG_INFORMATION_FORMAT = dwarf;
				ENABLE_STRICT_OBJC_MSGSEND = YES;
				ENABLE_TESTABILITY = YES;
				ENABLE_USER_SCRIPT_SANDBOXING = YES;
				GCC_C_LANGUAGE_STANDARD = "compiler-default";
				GCC_DYNAMIC_NO_PIC = NO;
				GCC_NO_COMMON_BLOCKS = YES;
				GCC_OPTIMIZATION_LEVEL = 0;
				GCC_PREPROCESSOR_DEFINITIONS = (
					"DEBUG=1",
					"FHASH_OSX_UI=1",
					"$(inherited)",
				);
				GCC_WARN_64_TO_32_BIT_CONVERSION = YES;
				GCC_WARN_ABOUT_RETURN_TYPE = YES_ERROR;
				GCC_WARN_UNDECLARED_SELECTOR = YES;
				GCC_WARN_UNINITIALIZED_AUTOS = YES_AGGRESSIVE;
				GCC_WARN_UNUSED_FUNCTION = YES;
				GCC_WARN_UNUSED_VARIABLE = YES;
				MACOSX_DEPLOYMENT_TARGET = 14.6;
				MTL_ENABLE_DEBUG_INFO = YES;
				ONLY_ACTIVE_ARCH = YES;
				SDKROOT = macosx;
				STRING_CATALOG_GENERATE_SYMBOLS = YES;
				SWIFT_OBJC_INTEROP_MODE = objcxx;
				SWIFT_STRICT_CONCURRENCY = complete;
				SWIFT_UPCOMING_FEATURE_CONCISE_MAGIC_FILE = YES;
				SWIFT_UPCOMING_FEATURE_DEPRECATE_APPLICATION_MAIN = YES;
				SWIFT_UPCOMING_FEATURE_DISABLE_OUTWARD_ACTOR_ISOLATION = YES;
				SWIFT_UPCOMING_FEATURE_FORWARD_TRAILING_CLOSURES = YES;
				SWIFT_UPCOMING_FEATURE_GLOBAL_CONCURRENCY = YES;
				SWIFT_UPCOMING_FEATURE_IMPLICIT_OPEN_EXISTENTIALS = YES;
				SWIFT_UPCOMING_FEATURE_IMPORT_OBJC_FORWARD_DECLS = YES;
				SWIFT_UPCOMING_FEATURE_INFER_SENDABLE_FROM_CAPTURES = YES;
				SWIFT_UPCOMING_FEATURE_ISOLATED_DEFAULT_VALUES = YES;
				SWIFT_UPCOMING_FEATURE_REGION_BASED_ISOLATION = YES;
			};
			name = Debug;
		};
		52751B231B56276F00BD724B /* Release */ = {
			isa = XCBuildConfiguration;
			buildSettings = {
				ALWAYS_SEARCH_USER_PATHS = NO;
				ASSETCATALOG_COMPILER_GENERATE_SWIFT_ASSET_SYMBOL_EXTENSIONS = YES;
				CLANG_ANALYZER_LOCALIZABILITY_NONLOCALIZED = YES;
				CLANG_CXX_LANGUAGE_STANDARD = "compiler-default";
				CLANG_CXX_LIBRARY = "libc++";
				CLANG_ENABLE_MODULES = YES;
				CLANG_ENABLE_OBJC_ARC = YES;
				CLANG_WARN_BLOCK_CAPTURE_AUTORELEASING = YES;
				CLANG_WARN_BOOL_CONVERSION = YES;
				CLANG_WARN_COMMA = YES;
				CLANG_WARN_CONSTANT_CONVERSION = YES;
				CLANG_WARN_DEPRECATED_OBJC_IMPLEMENTATIONS = YES;
				CLANG_WARN_DIRECT_OBJC_ISA_USAGE = YES_ERROR;
				CLANG_WARN_EMPTY_BODY = YES;
				CLANG_WARN_ENUM_CONVERSION = YES;
				CLANG_WARN_INFINITE_RECURSION = YES;
				CLANG_WARN_INT_CONVERSION = YES;
				CLANG_WARN_NON_LITERAL_NULL_CONVERSION = YES;
				CLANG_WARN_OBJC_IMPLICIT_RETAIN_SELF = YES;
				CLANG_WARN_OBJC_LITERAL_CONVERSION = YES;
				CLANG_WARN_OBJC_ROOT_CLASS = YES_ERROR;
				CLANG_WARN_QUOTED_INCLUDE_IN_FRAMEWORK_HEADER = YES;
				CLANG_WARN_RANGE_LOOP_ANALYSIS = YES;
				CLANG_WARN_STRICT_PROTOTYPES = YES;
				CLANG_WARN_SUSPICIOUS_MOVE = YES;
				CLANG_WARN_UNREACHABLE_CODE = YES;
				CLANG_WARN__DUPLICATE_METHOD_MATCH = YES;
				CODE_SIGN_IDENTITY = "-";
				COPY_PHASE_STRIP = NO;
				DEAD_CODE_STRIPPING = YES;
				DEBUG_INFORMATION_FORMAT = "dwarf-with-dsym";
				ENABLE_NS_ASSERTIONS = NO;
				ENABLE_STRICT_OBJC_MSGSEND = YES;
				ENABLE_USER_SCRIPT_SANDBOXING = YES;
				GCC_C_LANGUAGE_STANDARD = "compiler-default";
				GCC_NO_COMMON_BLOCKS = YES;
				GCC_PREPROCESSOR_DEFINITIONS = "FHASH_OSX_UI=1";
				GCC_WARN_64_TO_32_BIT_CONVERSION = YES;
				GCC_WARN_ABOUT_RETURN_TYPE = YES_ERROR;
				GCC_WARN_UNDECLARED_SELECTOR = YES;
				GCC_WARN_UNINITIALIZED_AUTOS = YES_AGGRESSIVE;
				GCC_WARN_UNUSED_FUNCTION = YES;
				GCC_WARN_UNUSED_VARIABLE = YES;
				LLVM_LTO = YES;
				MACOSX_DEPLOYMENT_TARGET = 14.6;
				MTL_ENABLE_DEBUG_INFO = NO;
				SDKROOT = macosx;
				STRING_CATALOG_GENERATE_SYMBOLS = YES;
				SWIFT_COMPILATION_MODE = wholemodule;
				SWIFT_OBJC_INTEROP_MODE = objcxx;
				SWIFT_STRICT_CONCURRENCY = complete;
				SWIFT_UPCOMING_FEATURE_CONCISE_MAGIC_FILE = YES;
				SWIFT_UPCOMING_FEATURE_DEPRECATE_APPLICATION_MAIN = YES;
				SWIFT_UPCOMING_FEATURE_DISABLE_OUTWARD_ACTOR_ISOLATION = YES;
				SWIFT_UPCOMING_FEATURE_FORWARD_TRAILING_CLOSURES = YES;
				SWIFT_UPCOMING_FEATURE_GLOBAL_CONCURRENCY = YES;
				SWIFT_UPCOMING_FEATURE_IMPLICIT_OPEN_EXISTENTIALS = YES;
				SWIFT_UPCOMING_FEATURE_IMPORT_OBJC_FORWARD_DECLS = YES;
				SWIFT_UPCOMING_FEATURE_INFER_SENDABLE_FROM_CAPTURES = YES;
				SWIFT_UPCOMING_FEATURE_ISOLATED_DEFAULT_VALUES = YES;
				SWIFT_UPCOMING_FEATURE_REGION_BASED_ISOLATION = YES;
			};
			name = Release;
		};
		52751B251B56276F00BD724B /* Debug */ = {
			isa = XCBuildConfiguration;
			buildSettings = {
				ASSETCATALOG_COMPILER_APPICON_NAME = fHashIconTahoe;
				CLANG_ENABLE_MODULES = YES;
				CODE_SIGN_ENTITLEMENTS = source/OSXUI/fHash.entitlements;
				CODE_SIGN_IDENTITY = "-";
				COMBINE_HIDPI_IMAGES = YES;
				DEAD_CODE_STRIPPING = YES;
				ENABLE_APP_SANDBOX = YES;
				ENABLE_USER_SELECTED_FILES = readonly;
				HEADER_SEARCH_PATHS = (
					"$(PROJECT_DIR)/source/OSXUI",
					"$(PROJECT_DIR)/source",
				);
				INFOPLIST_FILE = "$(SRCROOT)/source/OSXUI/Info.plist";
				LD_RUNPATH_SEARCH_PATHS = (
					"$(inherited)",
					"@executable_path/../Frameworks",
				);
				MACOSX_DEPLOYMENT_TARGET = 14.6;
				OTHER_CFLAGS = "";
				OTHER_LDFLAGS = "-liconv";
				PRODUCT_BUNDLE_IDENTIFIER = org.sunjw.fHashMacUI;
				PRODUCT_NAME = "$(TARGET_NAME)";
				SWIFT_OBJC_BRIDGING_HEADER = "$(PROJECT_DIR)/source/OSXUI/fHash-Bridging-Header.h";
				SWIFT_OBJC_INTEROP_MODE = objcxx;
				SWIFT_OPTIMIZATION_LEVEL = "-Onone";
				SWIFT_UPCOMING_FEATURE_CONCISE_MAGIC_FILE = YES;
				SWIFT_UPCOMING_FEATURE_DEPRECATE_APPLICATION_MAIN = YES;
				SWIFT_UPCOMING_FEATURE_DISABLE_OUTWARD_ACTOR_ISOLATION = YES;
				SWIFT_UPCOMING_FEATURE_FORWARD_TRAILING_CLOSURES = YES;
				SWIFT_UPCOMING_FEATURE_GLOBAL_CONCURRENCY = YES;
				SWIFT_UPCOMING_FEATURE_IMPLICIT_OPEN_EXISTENTIALS = YES;
				SWIFT_UPCOMING_FEATURE_IMPORT_OBJC_FORWARD_DECLS = YES;
				SWIFT_UPCOMING_FEATURE_INFER_SENDABLE_FROM_CAPTURES = YES;
				SWIFT_UPCOMING_FEATURE_ISOLATED_DEFAULT_VALUES = YES;
				SWIFT_UPCOMING_FEATURE_REGION_BASED_ISOLATION = YES;
				SWIFT_VERSION = 6.0;
			};
			name = Debug;
		};
		52751B261B56276F00BD724B /* Release */ = {
			isa = XCBuildConfiguration;
			buildSettings = {
				ASSETCATALOG_COMPILER_APPICON_NAME = fHashIconTahoe;
				CLANG_ENABLE_MODULES = YES;
				CODE_SIGN_ENTITLEMENTS = source/OSXUI/fHash.entitlements;
				CODE_SIGN_IDENTITY = "-";
				COMBINE_HIDPI_IMAGES = YES;
				DEAD_CODE_STRIPPING = YES;
				ENABLE_APP_SANDBOX = YES;
				ENABLE_USER_SELECTED_FILES = readonly;
				HEADER_SEARCH_PATHS = (
					"$(PROJECT_DIR)/source/OSXUI",
					"$(PROJECT_DIR)/source",
				);
				INFOPLIST_FILE = "$(SRCROOT)/source/OSXUI/Info.plist";
				LD_RUNPATH_SEARCH_PATHS = (
					"$(inherited)",
					"@executable_path/../Frameworks",
				);
				LLVM_LTO = YES;
				MACOSX_DEPLOYMENT_TARGET = 14.6;
				OTHER_CFLAGS = "";
				OTHER_LDFLAGS = "-liconv";
				PRODUCT_BUNDLE_IDENTIFIER = org.sunjw.fHashMacUI;
				PRODUCT_NAME = "$(TARGET_NAME)";
				SWIFT_OBJC_BRIDGING_HEADER = "$(PROJECT_DIR)/source/OSXUI/fHash-Bridging-Header.h";
				SWIFT_OBJC_INTEROP_MODE = objcxx;
				SWIFT_UPCOMING_FEATURE_CONCISE_MAGIC_FILE = YES;
				SWIFT_UPCOMING_FEATURE_DEPRECATE_APPLICATION_MAIN = YES;
				SWIFT_UPCOMING_FEATURE_DISABLE_OUTWARD_ACTOR_ISOLATION = YES;
				SWIFT_UPCOMING_FEATURE_FORWARD_TRAILING_CLOSURES = YES;
				SWIFT_UPCOMING_FEATURE_GLOBAL_CONCURRENCY = YES;
				SWIFT_UPCOMING_FEATURE_IMPLICIT_OPEN_EXISTENTIALS = YES;
				SWIFT_UPCOMING_FEATURE_IMPORT_OBJC_FORWARD_DECLS = YES;
				SWIFT_UPCOMING_FEATURE_INFER_SENDABLE_FROM_CAPTURES = YES;
				SWIFT_UPCOMING_FEATURE_ISOLATED_DEFAULT_VALUES = YES;
				SWIFT_UPCOMING_FEATURE_REGION_BASED_ISOLATION = YES;
				SWIFT_VERSION = 6.0;
			};
			name = Release;
		};
/* End XCBuildConfiguration section */

/* Begin XCConfigurationList section */
		52751B0B1B56276F00BD724B /* Build configuration list for PBXProject "fHashMacUI" */ = {
			isa = XCConfigurationList;
			buildConfigurations = (
				52751B221B56276F00BD724B /* Debug */,
				52751B231B56276F00BD724B /* Release */,
			);
			defaultConfigurationIsVisible = 0;
			defaultConfigurationName = Release;
		};
		52751B241B56276F00BD724B /* Build configuration list for PBXNativeTarget "fHash" */ = {
			isa = XCConfigurationList;
			buildConfigurations = (
				52751B251B56276F00BD724B /* Debug */,
				52751B261B56276F00BD724B /* Release */,
			);
			defaultConfigurationIsVisible = 0;
			defaultConfigurationName = Release;
		};
/* End XCConfigurationList section */
	};
	rootObject = 52751B081B56276F00BD724B /* Project object */;
}
