
Microsoft Visual Studio Solution File, Format Version 12.00
# Visual Studio Version 17
VisualStudioVersion = 17.11.35208.52
MinimumVisualStudioVersion = 10.0.40219.1
Project("{C7167F0D-BC9F-4E6E-AFE1-012C56B48DB5}") = "fHashWUIWap", "fHashWUIWap\fHashWUIWap.wapproj", "{4DBFA2F2-D05A-456E-A5CF-879C07218CE7}"
EndProject
Project("{9A19103F-16F7-4668-BE54-9A1E7A4F7556}") = "fHashWUI", "source\WinUI\fHashWUI.csproj", "{1C15F972-3CD8-48F1-82EC-5B14D9E9F68F}"
EndProject
Project("{8BC9CEB8-8B4A-11D0-8D11-00A0C91BC942}") = "fHashClrBridge", "..\sub-proj\fHashClrBridge\fHashClrBridge.vcxproj", "{B6E3BF15-9135-41B4-9643-98E0AC2D447F}"
	ProjectSection(ProjectDependencies) = postProject
		{29FE3AEA-3A2C-4D65-9799-B5B1ABAA2A1C} = {29FE3AEA-3A2C-4D65-9799-B5B1ABAA2A1C}
	EndProjectSection
EndProject
Project("{8BC9CEB8-8B4A-11D0-8D11-00A0C91BC942}") = "fHashWUINative", "..\sub-proj\fHashWUINative\fHashWUINative.vcxproj", "{29FE3AEA-3A2C-4D65-9799-B5B1ABAA2A1C}"
EndProject
Project("{8BC9CEB8-8B4A-11D0-8D11-00A0C91BC942}") = "fHashWUIShellExt", "..\sub-proj\fHashWUIShellExt\fHashWUIShellExt.vcxproj", "{FB630AD9-1305-416D-BFF3-50B5C6647291}"
EndProject
Global
	GlobalSection(SolutionConfigurationPlatforms) = preSolution
		Debug|ARM64 = Debug|ARM64
		Debug|x64 = Debug|x64
		Debug|x86 = Debug|x86
		Release|ARM64 = Release|ARM64
		Release|x64 = Release|x64
		Release|x86 = Release|x86
	EndGlobalSection
	GlobalSection(ProjectConfigurationPlatforms) = postSolution
		{4DBFA2F2-D05A-456E-A5CF-879C07218CE7}.Debug|ARM64.ActiveCfg = Debug|ARM64
		{4DBFA2F2-D05A-456E-A5CF-879C07218CE7}.Debug|ARM64.Build.0 = Debug|ARM64
		{4DBFA2F2-D05A-456E-A5CF-879C07218CE7}.Debug|ARM64.Deploy.0 = Debug|ARM64
		{4DBFA2F2-D05A-456E-A5CF-879C07218CE7}.Debug|x64.ActiveCfg = Debug|x64
		{4DBFA2F2-D05A-456E-A5CF-879C07218CE7}.Debug|x64.Build.0 = Debug|x64
		{4DBFA2F2-D05A-456E-A5CF-879C07218CE7}.Debug|x64.Deploy.0 = Debug|x64
		{4DBFA2F2-D05A-456E-A5CF-879C07218CE7}.Debug|x86.ActiveCfg = Debug|x86
		{4DBFA2F2-D05A-456E-A5CF-879C07218CE7}.Debug|x86.Build.0 = Debug|x86
		{4DBFA2F2-D05A-456E-A5CF-879C07218CE7}.Debug|x86.Deploy.0 = Debug|x86
		{4DBFA2F2-D05A-456E-A5CF-879C07218CE7}.Release|ARM64.ActiveCfg = Release|ARM64
		{4DBFA2F2-D05A-456E-A5CF-879C07218CE7}.Release|ARM64.Build.0 = Release|ARM64
		{4DBFA2F2-D05A-456E-A5CF-879C07218CE7}.Release|ARM64.Deploy.0 = Release|ARM64
		{4DBFA2F2-D05A-456E-A5CF-879C07218CE7}.Release|x64.ActiveCfg = Release|x64
		{4DBFA2F2-D05A-456E-A5CF-879C07218CE7}.Release|x64.Build.0 = Release|x64
		{4DBFA2F2-D05A-456E-A5CF-879C07218CE7}.Release|x64.Deploy.0 = Release|x64
		{4DBFA2F2-D05A-456E-A5CF-879C07218CE7}.Release|x86.ActiveCfg = Release|x86
		{4DBFA2F2-D05A-456E-A5CF-879C07218CE7}.Release|x86.Build.0 = Release|x86
		{4DBFA2F2-D05A-456E-A5CF-879C07218CE7}.Release|x86.Deploy.0 = Release|x86
		{1C15F972-3CD8-48F1-82EC-5B14D9E9F68F}.Debug|ARM64.ActiveCfg = Debug|ARM64
		{1C15F972-3CD8-48F1-82EC-5B14D9E9F68F}.Debug|ARM64.Build.0 = Debug|ARM64
		{1C15F972-3CD8-48F1-82EC-5B14D9E9F68F}.Debug|x64.ActiveCfg = Debug|x64
		{1C15F972-3CD8-48F1-82EC-5B14D9E9F68F}.Debug|x64.Build.0 = Debug|x64
		{1C15F972-3CD8-48F1-82EC-5B14D9E9F68F}.Debug|x86.ActiveCfg = Debug|x86
		{1C15F972-3CD8-48F1-82EC-5B14D9E9F68F}.Debug|x86.Build.0 = Debug|x86
		{1C15F972-3CD8-48F1-82EC-5B14D9E9F68F}.Release|ARM64.ActiveCfg = Release|ARM64
		{1C15F972-3CD8-48F1-82EC-5B14D9E9F68F}.Release|ARM64.Build.0 = Release|ARM64
		{1C15F972-3CD8-48F1-82EC-5B14D9E9F68F}.Release|x64.ActiveCfg = Release|x64
		{1C15F972-3CD8-48F1-82EC-5B14D9E9F68F}.Release|x64.Build.0 = Release|x64
		{1C15F972-3CD8-48F1-82EC-5B14D9E9F68F}.Release|x86.ActiveCfg = Release|x86
		{1C15F972-3CD8-48F1-82EC-5B14D9E9F68F}.Release|x86.Build.0 = Release|x86
		{B6E3BF15-9135-41B4-9643-98E0AC2D447F}.Debug|ARM64.ActiveCfg = Debug|ARM64
		{B6E3BF15-9135-41B4-9643-98E0AC2D447F}.Debug|ARM64.Build.0 = Debug|ARM64
		{B6E3BF15-9135-41B4-9643-98E0AC2D447F}.Debug|x64.ActiveCfg = Debug|x64
		{B6E3BF15-9135-41B4-9643-98E0AC2D447F}.Debug|x64.Build.0 = Debug|x64
		{B6E3BF15-9135-41B4-9643-98E0AC2D447F}.Debug|x86.ActiveCfg = Debug|Win32
		{B6E3BF15-9135-41B4-9643-98E0AC2D447F}.Debug|x86.Build.0 = Debug|Win32
		{B6E3BF15-9135-41B4-9643-98E0AC2D447F}.Release|ARM64.ActiveCfg = Release|ARM64
		{B6E3BF15-9135-41B4-9643-98E0AC2D447F}.Release|ARM64.Build.0 = Release|ARM64
		{B6E3BF15-9135-41B4-9643-98E0AC2D447F}.Release|x64.ActiveCfg = Release|x64
		{B6E3BF15-9135-41B4-9643-98E0AC2D447F}.Release|x64.Build.0 = Release|x64
		{B6E3BF15-9135-41B4-9643-98E0AC2D447F}.Release|x86.ActiveCfg = Release|Win32
		{B6E3BF15-9135-41B4-9643-98E0AC2D447F}.Release|x86.Build.0 = Release|Win32
		{29FE3AEA-3A2C-4D65-9799-B5B1ABAA2A1C}.Debug|ARM64.ActiveCfg = Debug|ARM64
		{29FE3AEA-3A2C-4D65-9799-B5B1ABAA2A1C}.Debug|ARM64.Build.0 = Debug|ARM64
		{29FE3AEA-3A2C-4D65-9799-B5B1ABAA2A1C}.Debug|x64.ActiveCfg = Debug|x64
		{29FE3AEA-3A2C-4D65-9799-B5B1ABAA2A1C}.Debug|x64.Build.0 = Debug|x64
		{29FE3AEA-3A2C-4D65-9799-B5B1ABAA2A1C}.Debug|x86.ActiveCfg = Debug|Win32
		{29FE3AEA-3A2C-4D65-9799-B5B1ABAA2A1C}.Debug|x86.Build.0 = Debug|Win32
		{29FE3AEA-3A2C-4D65-9799-B5B1ABAA2A1C}.Release|ARM64.ActiveCfg = Release|ARM64
		{29FE3AEA-3A2C-4D65-9799-B5B1ABAA2A1C}.Release|ARM64.Build.0 = Release|ARM64
		{29FE3AEA-3A2C-4D65-9799-B5B1ABAA2A1C}.Release|x64.ActiveCfg = Release|x64
		{29FE3AEA-3A2C-4D65-9799-B5B1ABAA2A1C}.Release|x64.Build.0 = Release|x64
		{29FE3AEA-3A2C-4D65-9799-B5B1ABAA2A1C}.Release|x86.ActiveCfg = Release|Win32
		{29FE3AEA-3A2C-4D65-9799-B5B1ABAA2A1C}.Release|x86.Build.0 = Release|Win32
		{FB630AD9-1305-416D-BFF3-50B5C6647291}.Debug|ARM64.ActiveCfg = Debug|ARM64
		{FB630AD9-1305-416D-BFF3-50B5C6647291}.Debug|ARM64.Build.0 = Debug|ARM64
		{FB630AD9-1305-416D-BFF3-50B5C6647291}.Debug|x64.ActiveCfg = Debug|x64
		{FB630AD9-1305-416D-BFF3-50B5C6647291}.Debug|x64.Build.0 = Debug|x64
		{FB630AD9-1305-416D-BFF3-50B5C6647291}.Debug|x86.ActiveCfg = Debug|Win32
		{FB630AD9-1305-416D-BFF3-50B5C6647291}.Debug|x86.Build.0 = Debug|Win32
		{FB630AD9-1305-416D-BFF3-50B5C6647291}.Release|ARM64.ActiveCfg = Release|ARM64
		{FB630AD9-1305-416D-BFF3-50B5C6647291}.Release|ARM64.Build.0 = Release|ARM64
		{FB630AD9-1305-416D-BFF3-50B5C6647291}.Release|x64.ActiveCfg = Release|x64
		{FB630AD9-1305-416D-BFF3-50B5C6647291}.Release|x64.Build.0 = Release|x64
		{FB630AD9-1305-416D-BFF3-50B5C6647291}.Release|x86.ActiveCfg = Release|Win32
		{FB630AD9-1305-416D-BFF3-50B5C6647291}.Release|x86.Build.0 = Release|Win32
	EndGlobalSection
	GlobalSection(SolutionProperties) = preSolution
		HideSolutionNode = FALSE
	EndGlobalSection
	GlobalSection(ExtensibilityGlobals) = postSolution
		SolutionGuid = {CCC86BA2-1D72-408C-A4E9-FA1B6142C25A}
	EndGlobalSection
EndGlobal
