
Microsoft Visual Studio Solution File, Format Version 12.00
# Visual Studio Version 17
VisualStudioVersion = 17.1.32421.90
MinimumVisualStudioVersion = 10.0.40219.1
Project("{FAE04EC0-301F-11D3-BF4B-00C04F79EFBC}") = "fHashUwp", "source\WinUWP\fHashUwp.csproj", "{724C58F8-74C9-4C16-8A1E-7DE230DD6292}"
	ProjectSection(ProjectDependencies) = postProject
		{6ADD939C-A7C3-4FB3-B08B-8B037854E98C} = {6ADD939C-A7C3-4FB3-B08B-8B037854E98C}
	EndProjectSection
EndProject
Project("{8BC9CEB8-8B4A-11D0-8D11-00A0C91BC942}") = "fHashUwpShellExt", "..\sub-proj\fHashUwpShellExt\fHashUwpShellExt.vcxproj", "{6ADD939C-A7C3-4FB3-B08B-8B037854E98C}"
EndProject
Project("{C7167F0D-BC9F-4E6E-AFE1-012C56B48DB5}") = "fHashUwpWap", "fHashUwpWap\fHashUwpWap.wapproj", "{34C7039B-EE3A-47AF-AEF4-85B894113872}"
EndProject
Project("{8BC9CEB8-8B4A-11D0-8D11-00A0C91BC942}") = "fHashWinRtBridge", "..\sub-proj\fHashWinRtBridge\fHashWinRtBridge.vcxproj", "{1DB637DD-B2F5-4B9F-A8C1-B833E9F86742}"
	ProjectSection(ProjectDependencies) = postProject
		{619E753F-3C48-4900-8BAF-0762985D4B22} = {619E753F-3C48-4900-8BAF-0762985D4B22}
	EndProjectSection
EndProject
Project("{8BC9CEB8-8B4A-11D0-8D11-00A0C91BC942}") = "fHashUwpNative", "..\sub-proj\fHashUwpNative\fHashUwpNative.vcxproj", "{619E753F-3C48-4900-8BAF-0762985D4B22}"
EndProject
Global
	GlobalSection(SolutionConfigurationPlatforms) = preSolution
		Debug|Any CPU = Debug|Any CPU
		Debug|ARM = Debug|ARM
		Debug|ARM64 = Debug|ARM64
		Debug|x64 = Debug|x64
		Debug|x86 = Debug|x86
		Release|Any CPU = Release|Any CPU
		Release|ARM = Release|ARM
		Release|ARM64 = Release|ARM64
		Release|x64 = Release|x64
		Release|x86 = Release|x86
	EndGlobalSection
	GlobalSection(ProjectConfigurationPlatforms) = postSolution
		{724C58F8-74C9-4C16-8A1E-7DE230DD6292}.Debug|Any CPU.ActiveCfg = Debug|Any CPU
		{724C58F8-74C9-4C16-8A1E-7DE230DD6292}.Debug|Any CPU.Build.0 = Debug|Any CPU
		{724C58F8-74C9-4C16-8A1E-7DE230DD6292}.Debug|Any CPU.Deploy.0 = Debug|Any CPU
		{724C58F8-74C9-4C16-8A1E-7DE230DD6292}.Debug|ARM.ActiveCfg = Debug|ARM
		{724C58F8-74C9-4C16-8A1E-7DE230DD6292}.Debug|ARM.Build.0 = Debug|ARM
		{724C58F8-74C9-4C16-8A1E-7DE230DD6292}.Debug|ARM.Deploy.0 = Debug|ARM
		{724C58F8-74C9-4C16-8A1E-7DE230DD6292}.Debug|ARM64.ActiveCfg = Debug|ARM64
		{724C58F8-74C9-4C16-8A1E-7DE230DD6292}.Debug|ARM64.Build.0 = Debug|ARM64
		{724C58F8-74C9-4C16-8A1E-7DE230DD6292}.Debug|ARM64.Deploy.0 = Debug|ARM64
		{724C58F8-74C9-4C16-8A1E-7DE230DD6292}.Debug|x64.ActiveCfg = Debug|x64
		{724C58F8-74C9-4C16-8A1E-7DE230DD6292}.Debug|x64.Build.0 = Debug|x64
		{724C58F8-74C9-4C16-8A1E-7DE230DD6292}.Debug|x64.Deploy.0 = Debug|x64
		{724C58F8-74C9-4C16-8A1E-7DE230DD6292}.Debug|x86.ActiveCfg = Debug|x86
		{724C58F8-74C9-4C16-8A1E-7DE230DD6292}.Debug|x86.Build.0 = Debug|x86
		{724C58F8-74C9-4C16-8A1E-7DE230DD6292}.Debug|x86.Deploy.0 = Debug|x86
		{724C58F8-74C9-4C16-8A1E-7DE230DD6292}.Release|Any CPU.ActiveCfg = Release|Any CPU
		{724C58F8-74C9-4C16-8A1E-7DE230DD6292}.Release|Any CPU.Build.0 = Release|Any CPU
		{724C58F8-74C9-4C16-8A1E-7DE230DD6292}.Release|Any CPU.Deploy.0 = Release|Any CPU
		{724C58F8-74C9-4C16-8A1E-7DE230DD6292}.Release|ARM.ActiveCfg = Release|ARM
		{724C58F8-74C9-4C16-8A1E-7DE230DD6292}.Release|ARM.Build.0 = Release|ARM
		{724C58F8-74C9-4C16-8A1E-7DE230DD6292}.Release|ARM.Deploy.0 = Release|ARM
		{724C58F8-74C9-4C16-8A1E-7DE230DD6292}.Release|ARM64.ActiveCfg = Release|ARM64
		{724C58F8-74C9-4C16-8A1E-7DE230DD6292}.Release|ARM64.Build.0 = Release|ARM64
		{724C58F8-74C9-4C16-8A1E-7DE230DD6292}.Release|ARM64.Deploy.0 = Release|ARM64
		{724C58F8-74C9-4C16-8A1E-7DE230DD6292}.Release|x64.ActiveCfg = Release|x64
		{724C58F8-74C9-4C16-8A1E-7DE230DD6292}.Release|x64.Build.0 = Release|x64
		{724C58F8-74C9-4C16-8A1E-7DE230DD6292}.Release|x64.Deploy.0 = Release|x64
		{724C58F8-74C9-4C16-8A1E-7DE230DD6292}.Release|x86.ActiveCfg = Release|x86
		{724C58F8-74C9-4C16-8A1E-7DE230DD6292}.Release|x86.Build.0 = Release|x86
		{724C58F8-74C9-4C16-8A1E-7DE230DD6292}.Release|x86.Deploy.0 = Release|x86
		{6ADD939C-A7C3-4FB3-B08B-8B037854E98C}.Debug|Any CPU.ActiveCfg = Debug|x64
		{6ADD939C-A7C3-4FB3-B08B-8B037854E98C}.Debug|Any CPU.Build.0 = Debug|x64
		{6ADD939C-A7C3-4FB3-B08B-8B037854E98C}.Debug|ARM.ActiveCfg = Debug|x64
		{6ADD939C-A7C3-4FB3-B08B-8B037854E98C}.Debug|ARM.Build.0 = Debug|x64
		{6ADD939C-A7C3-4FB3-B08B-8B037854E98C}.Debug|ARM64.ActiveCfg = Debug|x64
		{6ADD939C-A7C3-4FB3-B08B-8B037854E98C}.Debug|ARM64.Build.0 = Debug|x64
		{6ADD939C-A7C3-4FB3-B08B-8B037854E98C}.Debug|x64.ActiveCfg = Debug|x64
		{6ADD939C-A7C3-4FB3-B08B-8B037854E98C}.Debug|x64.Build.0 = Debug|x64
		{6ADD939C-A7C3-4FB3-B08B-8B037854E98C}.Debug|x86.ActiveCfg = Debug|Win32
		{6ADD939C-A7C3-4FB3-B08B-8B037854E98C}.Debug|x86.Build.0 = Debug|Win32
		{6ADD939C-A7C3-4FB3-B08B-8B037854E98C}.Release|Any CPU.ActiveCfg = Release|x64
		{6ADD939C-A7C3-4FB3-B08B-8B037854E98C}.Release|Any CPU.Build.0 = Release|x64
		{6ADD939C-A7C3-4FB3-B08B-8B037854E98C}.Release|ARM.ActiveCfg = Release|x64
		{6ADD939C-A7C3-4FB3-B08B-8B037854E98C}.Release|ARM.Build.0 = Release|x64
		{6ADD939C-A7C3-4FB3-B08B-8B037854E98C}.Release|ARM64.ActiveCfg = Release|x64
		{6ADD939C-A7C3-4FB3-B08B-8B037854E98C}.Release|ARM64.Build.0 = Release|x64
		{6ADD939C-A7C3-4FB3-B08B-8B037854E98C}.Release|x64.ActiveCfg = Release|x64
		{6ADD939C-A7C3-4FB3-B08B-8B037854E98C}.Release|x64.Build.0 = Release|x64
		{6ADD939C-A7C3-4FB3-B08B-8B037854E98C}.Release|x86.ActiveCfg = Release|Win32
		{6ADD939C-A7C3-4FB3-B08B-8B037854E98C}.Release|x86.Build.0 = Release|Win32
		{34C7039B-EE3A-47AF-AEF4-85B894113872}.Debug|Any CPU.ActiveCfg = Debug|Any CPU
		{34C7039B-EE3A-47AF-AEF4-85B894113872}.Debug|Any CPU.Build.0 = Debug|Any CPU
		{34C7039B-EE3A-47AF-AEF4-85B894113872}.Debug|Any CPU.Deploy.0 = Debug|Any CPU
		{34C7039B-EE3A-47AF-AEF4-85B894113872}.Debug|ARM.ActiveCfg = Debug|ARM
		{34C7039B-EE3A-47AF-AEF4-85B894113872}.Debug|ARM.Build.0 = Debug|ARM
		{34C7039B-EE3A-47AF-AEF4-85B894113872}.Debug|ARM.Deploy.0 = Debug|ARM
		{34C7039B-EE3A-47AF-AEF4-85B894113872}.Debug|ARM64.ActiveCfg = Debug|ARM64
		{34C7039B-EE3A-47AF-AEF4-85B894113872}.Debug|ARM64.Build.0 = Debug|ARM64
		{34C7039B-EE3A-47AF-AEF4-85B894113872}.Debug|ARM64.Deploy.0 = Debug|ARM64
		{34C7039B-EE3A-47AF-AEF4-85B894113872}.Debug|x64.ActiveCfg = Debug|x64
		{34C7039B-EE3A-47AF-AEF4-85B894113872}.Debug|x64.Build.0 = Debug|x64
		{34C7039B-EE3A-47AF-AEF4-85B894113872}.Debug|x64.Deploy.0 = Debug|x64
		{34C7039B-EE3A-47AF-AEF4-85B894113872}.Debug|x86.ActiveCfg = Debug|x86
		{34C7039B-EE3A-47AF-AEF4-85B894113872}.Debug|x86.Build.0 = Debug|x86
		{34C7039B-EE3A-47AF-AEF4-85B894113872}.Debug|x86.Deploy.0 = Debug|x86
		{34C7039B-EE3A-47AF-AEF4-85B894113872}.Release|Any CPU.ActiveCfg = Release|Any CPU
		{34C7039B-EE3A-47AF-AEF4-85B894113872}.Release|Any CPU.Build.0 = Release|Any CPU
		{34C7039B-EE3A-47AF-AEF4-85B894113872}.Release|Any CPU.Deploy.0 = Release|Any CPU
		{34C7039B-EE3A-47AF-AEF4-85B894113872}.Release|ARM.ActiveCfg = Release|ARM
		{34C7039B-EE3A-47AF-AEF4-85B894113872}.Release|ARM.Build.0 = Release|ARM
		{34C7039B-EE3A-47AF-AEF4-85B894113872}.Release|ARM.Deploy.0 = Release|ARM
		{34C7039B-EE3A-47AF-AEF4-85B894113872}.Release|ARM64.ActiveCfg = Release|ARM64
		{34C7039B-EE3A-47AF-AEF4-85B894113872}.Release|ARM64.Build.0 = Release|ARM64
		{34C7039B-EE3A-47AF-AEF4-85B894113872}.Release|ARM64.Deploy.0 = Release|ARM64
		{34C7039B-EE3A-47AF-AEF4-85B894113872}.Release|x64.ActiveCfg = Release|x64
		{34C7039B-EE3A-47AF-AEF4-85B894113872}.Release|x64.Build.0 = Release|x64
		{34C7039B-EE3A-47AF-AEF4-85B894113872}.Release|x64.Deploy.0 = Release|x64
		{34C7039B-EE3A-47AF-AEF4-85B894113872}.Release|x86.ActiveCfg = Release|x86
		{34C7039B-EE3A-47AF-AEF4-85B894113872}.Release|x86.Build.0 = Release|x86
		{34C7039B-EE3A-47AF-AEF4-85B894113872}.Release|x86.Deploy.0 = Release|x86
		{1DB637DD-B2F5-4B9F-A8C1-B833E9F86742}.Debug|Any CPU.ActiveCfg = Debug|x64
		{1DB637DD-B2F5-4B9F-A8C1-B833E9F86742}.Debug|Any CPU.Build.0 = Debug|x64
		{1DB637DD-B2F5-4B9F-A8C1-B833E9F86742}.Debug|ARM.ActiveCfg = Debug|ARM
		{1DB637DD-B2F5-4B9F-A8C1-B833E9F86742}.Debug|ARM.Build.0 = Debug|ARM
		{1DB637DD-B2F5-4B9F-A8C1-B833E9F86742}.Debug|ARM64.ActiveCfg = Debug|ARM64
		{1DB637DD-B2F5-4B9F-A8C1-B833E9F86742}.Debug|ARM64.Build.0 = Debug|ARM64
		{1DB637DD-B2F5-4B9F-A8C1-B833E9F86742}.Debug|x64.ActiveCfg = Debug|x64
		{1DB637DD-B2F5-4B9F-A8C1-B833E9F86742}.Debug|x64.Build.0 = Debug|x64
		{1DB637DD-B2F5-4B9F-A8C1-B833E9F86742}.Debug|x86.ActiveCfg = Debug|Win32
		{1DB637DD-B2F5-4B9F-A8C1-B833E9F86742}.Debug|x86.Build.0 = Debug|Win32
		{1DB637DD-B2F5-4B9F-A8C1-B833E9F86742}.Release|Any CPU.ActiveCfg = Release|x64
		{1DB637DD-B2F5-4B9F-A8C1-B833E9F86742}.Release|Any CPU.Build.0 = Release|x64
		{1DB637DD-B2F5-4B9F-A8C1-B833E9F86742}.Release|ARM.ActiveCfg = Release|ARM
		{1DB637DD-B2F5-4B9F-A8C1-B833E9F86742}.Release|ARM.Build.0 = Release|ARM
		{1DB637DD-B2F5-4B9F-A8C1-B833E9F86742}.Release|ARM64.ActiveCfg = Release|ARM64
		{1DB637DD-B2F5-4B9F-A8C1-B833E9F86742}.Release|ARM64.Build.0 = Release|ARM64
		{1DB637DD-B2F5-4B9F-A8C1-B833E9F86742}.Release|x64.ActiveCfg = Release|x64
		{1DB637DD-B2F5-4B9F-A8C1-B833E9F86742}.Release|x64.Build.0 = Release|x64
		{1DB637DD-B2F5-4B9F-A8C1-B833E9F86742}.Release|x86.ActiveCfg = Release|Win32
		{1DB637DD-B2F5-4B9F-A8C1-B833E9F86742}.Release|x86.Build.0 = Release|Win32
		{619E753F-3C48-4900-8BAF-0762985D4B22}.Debug|Any CPU.ActiveCfg = Debug|x64
		{619E753F-3C48-4900-8BAF-0762985D4B22}.Debug|Any CPU.Build.0 = Debug|x64
		{619E753F-3C48-4900-8BAF-0762985D4B22}.Debug|ARM.ActiveCfg = Debug|x64
		{619E753F-3C48-4900-8BAF-0762985D4B22}.Debug|ARM.Build.0 = Debug|x64
		{619E753F-3C48-4900-8BAF-0762985D4B22}.Debug|ARM64.ActiveCfg = Debug|x64
		{619E753F-3C48-4900-8BAF-0762985D4B22}.Debug|ARM64.Build.0 = Debug|x64
		{619E753F-3C48-4900-8BAF-0762985D4B22}.Debug|x64.ActiveCfg = Debug|x64
		{619E753F-3C48-4900-8BAF-0762985D4B22}.Debug|x64.Build.0 = Debug|x64
		{619E753F-3C48-4900-8BAF-0762985D4B22}.Debug|x86.ActiveCfg = Debug|Win32
		{619E753F-3C48-4900-8BAF-0762985D4B22}.Debug|x86.Build.0 = Debug|Win32
		{619E753F-3C48-4900-8BAF-0762985D4B22}.Release|Any CPU.ActiveCfg = Release|x64
		{619E753F-3C48-4900-8BAF-0762985D4B22}.Release|Any CPU.Build.0 = Release|x64
		{619E753F-3C48-4900-8BAF-0762985D4B22}.Release|ARM.ActiveCfg = Release|x64
		{619E753F-3C48-4900-8BAF-0762985D4B22}.Release|ARM.Build.0 = Release|x64
		{619E753F-3C48-4900-8BAF-0762985D4B22}.Release|ARM64.ActiveCfg = Release|x64
		{619E753F-3C48-4900-8BAF-0762985D4B22}.Release|ARM64.Build.0 = Release|x64
		{619E753F-3C48-4900-8BAF-0762985D4B22}.Release|x64.ActiveCfg = Release|x64
		{619E753F-3C48-4900-8BAF-0762985D4B22}.Release|x64.Build.0 = Release|x64
		{619E753F-3C48-4900-8BAF-0762985D4B22}.Release|x86.ActiveCfg = Release|Win32
		{619E753F-3C48-4900-8BAF-0762985D4B22}.Release|x86.Build.0 = Release|Win32
	EndGlobalSection
	GlobalSection(SolutionProperties) = preSolution
		HideSolutionNode = FALSE
	EndGlobalSection
	GlobalSection(ExtensibilityGlobals) = postSolution
		SolutionGuid = {7A1E5AAB-C901-410A-91F1-8E37D26619B7}
	EndGlobalSection
EndGlobal
