<?xml version="1.0" encoding="utf-8"?>
<Project ToolsVersion="4.0" xmlns="http://schemas.microsoft.com/developer/msbuild/2003">
  <ItemGroup>
    <Filter Include="源文件">
      <UniqueIdentifier>{151d8c92-dd85-4f7d-83ae-44caee5f4d0a}</UniqueIdentifier>
      <Extensions>cpp;c;cxx;def;odl;idl;hpj;bat;asm</Extensions>
    </Filter>
    <Filter Include="头文件">
      <UniqueIdentifier>{8b54f0bd-9605-410b-8783-de3329126098}</UniqueIdentifier>
      <Extensions>h;hpp;hxx;hm;inl;inc</Extensions>
    </Filter>
    <Filter Include="资源文件">
      <UniqueIdentifier>{371ca9bc-a323-4089-a4fa-99eecb9bcfac}</UniqueIdentifier>
      <Extensions>rc;ico;cur;bmp;dlg;rc2;rct;bin;rgs;jpg;jpeg;jpe;manifest</Extensions>
    </Filter>
    <Filter Include="算法">
      <UniqueIdentifier>{9fe18c36-9b5f-421e-9e90-18c7e5e78f2b}</UniqueIdentifier>
    </Filter>
    <Filter Include="OsUtils">
      <UniqueIdentifier>{4a6a5f91-48ee-493a-b3a1-27e4c63357e2}</UniqueIdentifier>
    </Filter>
    <Filter Include="Common">
      <UniqueIdentifier>{5c2d3c1c-a97c-4c1d-886d-80ae552a0258}</UniqueIdentifier>
    </Filter>
  </ItemGroup>
  <ItemGroup>
    <ClCompile Include="source\WinMFC\AboutDlg.cpp">
      <Filter>源文件</Filter>
    </ClCompile>
    <ClCompile Include="source\WinMFC\FilesHash.cpp">
      <Filter>源文件</Filter>
    </ClCompile>
    <ClCompile Include="source\WinMFC\FilesHashDlg.cpp">
      <Filter>源文件</Filter>
    </ClCompile>
    <ClCompile Include="source\WinMFC\FindDlg.cpp">
      <Filter>源文件</Filter>
    </ClCompile>
    <ClCompile Include="source\WinMFC\HyperEdit.cpp">
      <Filter>源文件</Filter>
    </ClCompile>
    <ClCompile Include="source\WinMFC\HyperEditHash.cpp">
      <Filter>源文件</Filter>
    </ClCompile>
    <ClCompile Include="source\WinMFC\ShellExtComm.cpp">
      <Filter>源文件</Filter>
    </ClCompile>
    <ClCompile Include="source\stdafx.cpp">
      <Filter>源文件</Filter>
    </ClCompile>
    <ClCompile Include="source\WinMFC\UIBridgeMFC.cpp">
      <Filter>源文件</Filter>
    </ClCompile>
    <ClCompile Include="source\WinMFC\UIStringsBase.cpp">
      <Filter>源文件</Filter>
    </ClCompile>
    <ClCompile Include="source\WinMFC\UIStringsZHCN.cpp">
      <Filter>源文件</Filter>
    </ClCompile>
    <ClCompile Include="source\WinMFC\WindowsUtils.cpp">
      <Filter>源文件</Filter>
    </ClCompile>
    <ClCompile Include="source\Algorithms\MD5.cpp">
      <Filter>算法</Filter>
    </ClCompile>
    <ClCompile Include="source\Algorithms\SHA1.cpp">
      <Filter>算法</Filter>
    </ClCompile>
    <ClCompile Include="source\Algorithms\sha256.cpp">
      <Filter>算法</Filter>
    </ClCompile>
    <ClCompile Include="source\OsUtils\OsThreadWinApi.cpp">
      <Filter>OsUtils</Filter>
    </ClCompile>
    <ClCompile Include="source\Common\HashEngine.cpp">
      <Filter>Common</Filter>
    </ClCompile>
    <ClCompile Include="source\Common\strhelper.cpp">
      <Filter>Common</Filter>
    </ClCompile>
    <ClCompile Include="source\Common\Utils.cpp">
      <Filter>Common</Filter>
    </ClCompile>
    <ClCompile Include="source\Algorithms\sha512.cpp">
      <Filter>算法</Filter>
    </ClCompile>
    <ClCompile Include="source\WinCommon\WindowsComm.cpp">
      <Filter>Common</Filter>
    </ClCompile>
    <ClCompile Include="source\WinCommon\WindowsStrings.cpp">
      <Filter>Common</Filter>
    </ClCompile>
    <ClCompile Include="source\WinCommon\WindowsStringsInternal.cpp">
      <Filter>Common</Filter>
    </ClCompile>
    <ClCompile Include="source\OsUtils\OsFileWinApi.cpp">
      <Filter>OsUtils</Filter>
    </ClCompile>
  </ItemGroup>
  <ItemGroup>
    <ClInclude Include="source\WinMFC\AboutDlg.h">
      <Filter>头文件</Filter>
    </ClInclude>
    <ClInclude Include="source\WinMFC\FilesHash.h">
      <Filter>头文件</Filter>
    </ClInclude>
    <ClInclude Include="source\WinMFC\FilesHashDlg.h">
      <Filter>头文件</Filter>
    </ClInclude>
    <ClInclude Include="source\WinMFC\FindDlg.h">
      <Filter>头文件</Filter>
    </ClInclude>
    <ClInclude Include="source\WinMFC\HyperEdit.h">
      <Filter>头文件</Filter>
    </ClInclude>
    <ClInclude Include="source\WinMFC\HyperEditHash.h">
      <Filter>头文件</Filter>
    </ClInclude>
    <ClInclude Include="source\resource.h">
      <Filter>头文件</Filter>
    </ClInclude>
    <ClInclude Include="source\WinMFC\ShellExtComm.h">
      <Filter>头文件</Filter>
    </ClInclude>
    <ClInclude Include="source\stdafx.h">
      <Filter>头文件</Filter>
    </ClInclude>
    <ClInclude Include="source\targetver.h">
      <Filter>头文件</Filter>
    </ClInclude>
    <ClInclude Include="source\WinMFC\UIBridgeMFC.h">
      <Filter>头文件</Filter>
    </ClInclude>
    <ClInclude Include="source\WinMFC\UIStringsBase.h">
      <Filter>头文件</Filter>
    </ClInclude>
    <ClInclude Include="source\WinMFC\UIStringsZHCN.h">
      <Filter>头文件</Filter>
    </ClInclude>
    <ClInclude Include="source\version.h">
      <Filter>头文件</Filter>
    </ClInclude>
    <ClInclude Include="source\WinMFC\WindowsUtils.h">
      <Filter>头文件</Filter>
    </ClInclude>
    <ClInclude Include="source\Algorithms\MD5.h">
      <Filter>算法</Filter>
    </ClInclude>
    <ClInclude Include="source\Algorithms\SHA1.h">
      <Filter>算法</Filter>
    </ClInclude>
    <ClInclude Include="source\Algorithms\sha256.h">
      <Filter>算法</Filter>
    </ClInclude>
    <ClInclude Include="source\OsUtils\OsFile.h">
      <Filter>OsUtils</Filter>
    </ClInclude>
    <ClInclude Include="source\OsUtils\OsThread.h">
      <Filter>OsUtils</Filter>
    </ClInclude>
    <ClInclude Include="source\Common\Global.h">
      <Filter>Common</Filter>
    </ClInclude>
    <ClInclude Include="source\Common\HashEngine.h">
      <Filter>Common</Filter>
    </ClInclude>
    <ClInclude Include="source\Common\strhelper.h">
      <Filter>Common</Filter>
    </ClInclude>
    <ClInclude Include="source\Common\UIBridgeBase.h">
      <Filter>Common</Filter>
    </ClInclude>
    <ClInclude Include="source\Common\Utils.h">
      <Filter>Common</Filter>
    </ClInclude>
    <ClInclude Include="source\Algorithms\sha512.h">
      <Filter>算法</Filter>
    </ClInclude>
    <ClInclude Include="source\Algorithms\endianness.h">
      <Filter>算法</Filter>
    </ClInclude>
    <ClInclude Include="source\WinCommon\WindowsComm.h">
      <Filter>Common</Filter>
    </ClInclude>
    <ClInclude Include="source\WinCommon\WindowsStrings.h">
      <Filter>Common</Filter>
    </ClInclude>
    <ClInclude Include="source\WinCommon\WindowsStringsInternal.h">
      <Filter>Common</Filter>
    </ClInclude>
  </ItemGroup>
  <ItemGroup>
    <Manifest Include="source\WinMFC\res\compatibility.manifest">
      <Filter>资源文件</Filter>
    </Manifest>
  </ItemGroup>
  <ItemGroup>
    <ResourceCompile Include="source\WinMFC\fileshash.rc">
      <Filter>资源文件</Filter>
    </ResourceCompile>
  </ItemGroup>
  <ItemGroup>
    <None Include="source\WinMFC\res\fileshash.rc2">
      <Filter>资源文件</Filter>
    </None>
  </ItemGroup>
  <ItemGroup>
    <Image Include="source\WinMFC\res\icon1.ico">
      <Filter>资源文件</Filter>
    </Image>
  </ItemGroup>
  <ItemGroup>
    <Text Include="ChangeLog.txt" />
  </ItemGroup>
</Project>