// !$*UTF8*$!
{
	archiveVersion = 1;
	classes = {
	};
	objectVersion = 46;
	objects = {

/* Begin PBXBuildFile section */
		410AB8171AFE3B1A001A10F9 /* CRC32.cpp in Sources */ = {isa = PBXBuildFile; fileRef = 410AB80F1AFE3B1A001A10F9 /* CRC32.cpp */; };
		410AB8181AFE3B1A001A10F9 /* MD5.cpp in Sources */ = {isa = PBXBuildFile; fileRef = 410AB8111AFE3B1A001A10F9 /* MD5.cpp */; };
		410AB8191AFE3B1A001A10F9 /* SHA1.cpp in Sources */ = {isa = PBXBuildFile; fileRef = 410AB8131AFE3B1A001A10F9 /* SHA1.cpp */; };
		410AB81A1AFE3B1A001A10F9 /* sha256.cpp in Sources */ = {isa = PBXBuildFile; fileRef = 410AB8151AFE3B1A001A10F9 /* sha256.cpp */; };
		410AB81F1AFE3BA5001A10F9 /* stdafx.cpp in Sources */ = {isa = PBXBuildFile; fileRef = 410AB81C1AFE3BA5001A10F9 /* stdafx.cpp */; };
		410AB8211AFE3CF7001A10F9 /* main.cpp in Sources */ = {isa = PBXBuildFile; fileRef = 410AB8201AFE3CF7001A10F9 /* main.cpp */; };
		410AB8341AFE45AA001A10F9 /* OsFilePosixDarwin.cpp in Sources */ = {isa = PBXBuildFile; fileRef = 410AB8331AFE45AA001A10F9 /* OsFilePosixDarwin.cpp */; };
		410AB83C1AFE5068001A10F9 /* OsThreadPosixDarwin.cpp in Sources */ = {isa = PBXBuildFile; fileRef = 410AB83B1AFE5068001A10F9 /* OsThreadPosixDarwin.cpp */; };
		52225807213CD98C00012EF8 /* strhelper.cpp in Sources */ = {isa = PBXBuildFile; fileRef = 52225805213CD98C00012EF8 /* strhelper.cpp */; };
		5222580D213CDA9500012EF8 /* Utils.cpp in Sources */ = {isa = PBXBuildFile; fileRef = 5222580B213CDA9400012EF8 /* Utils.cpp */; };
		52225813213CDB3900012EF8 /* HashEngine.cpp in Sources */ = {isa = PBXBuildFile; fileRef = 52225812213CDB3900012EF8 /* HashEngine.cpp */; };
		52225818213CF16600012EF8 /* UIBridgeMacCmd.cpp in Sources */ = {isa = PBXBuildFile; fileRef = 52225817213CF16600012EF8 /* UIBridgeMacCmd.cpp */; };
/* End PBXBuildFile section */

/* Begin PBXCopyFilesBuildPhase section */
		410AB8021AFE38A2001A10F9 /* CopyFiles */ = {
			isa = PBXCopyFilesBuildPhase;
			buildActionMask = 2147483647;
			dstPath = /usr/share/man/man1/;
			dstSubfolderSpec = 0;
			files = (
			);
			runOnlyForDeploymentPostprocessing = 1;
		};
/* End PBXCopyFilesBuildPhase section */

/* Begin PBXFileReference section */
		410AB8041AFE38A2001A10F9 /* fhash */ = {isa = PBXFileReference; explicitFileType = "compiled.mach-o.executable"; includeInIndex = 0; path = fhash; sourceTree = BUILT_PRODUCTS_DIR; };
		410AB80F1AFE3B1A001A10F9 /* CRC32.cpp */ = {isa = PBXFileReference; fileEncoding = 4; lastKnownFileType = sourcecode.cpp.cpp; name = CRC32.cpp; path = source/Algorithms/CRC32.cpp; sourceTree = SOURCE_ROOT; };
		410AB8101AFE3B1A001A10F9 /* CRC32.h */ = {isa = PBXFileReference; fileEncoding = 4; lastKnownFileType = sourcecode.c.h; name = CRC32.h; path = source/Algorithms/CRC32.h; sourceTree = SOURCE_ROOT; };
		410AB8111AFE3B1A001A10F9 /* MD5.cpp */ = {isa = PBXFileReference; fileEncoding = 4; lastKnownFileType = sourcecode.cpp.cpp; name = MD5.cpp; path = source/Algorithms/MD5.cpp; sourceTree = SOURCE_ROOT; };
		410AB8121AFE3B1A001A10F9 /* md5.h */ = {isa = PBXFileReference; fileEncoding = 4; lastKnownFileType = sourcecode.c.h; name = md5.h; path = source/Algorithms/md5.h; sourceTree = SOURCE_ROOT; };
		410AB8131AFE3B1A001A10F9 /* SHA1.cpp */ = {isa = PBXFileReference; fileEncoding = 4; lastKnownFileType = sourcecode.cpp.cpp; name = SHA1.cpp; path = source/Algorithms/SHA1.cpp; sourceTree = SOURCE_ROOT; };
		410AB8141AFE3B1A001A10F9 /* SHA1.h */ = {isa = PBXFileReference; fileEncoding = 4; lastKnownFileType = sourcecode.c.h; name = SHA1.h; path = source/Algorithms/SHA1.h; sourceTree = SOURCE_ROOT; };
		410AB8151AFE3B1A001A10F9 /* sha256.cpp */ = {isa = PBXFileReference; fileEncoding = 4; lastKnownFileType = sourcecode.cpp.cpp; name = sha256.cpp; path = source/Algorithms/sha256.cpp; sourceTree = SOURCE_ROOT; };
		410AB8161AFE3B1A001A10F9 /* sha256.h */ = {isa = PBXFileReference; fileEncoding = 4; lastKnownFileType = sourcecode.c.h; name = sha256.h; path = source/Algorithms/sha256.h; sourceTree = SOURCE_ROOT; };
		410AB81C1AFE3BA5001A10F9 /* stdafx.cpp */ = {isa = PBXFileReference; fileEncoding = 2147484705; lastKnownFileType = sourcecode.cpp.cpp; name = stdafx.cpp; path = source/stdafx.cpp; sourceTree = SOURCE_ROOT; };
		410AB81D1AFE3BA5001A10F9 /* stdafx.h */ = {isa = PBXFileReference; fileEncoding = 2147484705; lastKnownFileType = sourcecode.c.h; name = stdafx.h; path = source/stdafx.h; sourceTree = SOURCE_ROOT; };
		410AB81E1AFE3BA5001A10F9 /* targetver.h */ = {isa = PBXFileReference; fileEncoding = 2147484705; lastKnownFileType = sourcecode.c.h; name = targetver.h; path = source/targetver.h; sourceTree = SOURCE_ROOT; };
		410AB8201AFE3CF7001A10F9 /* main.cpp */ = {isa = PBXFileReference; fileEncoding = 4; lastKnownFileType = sourcecode.cpp.cpp; name = main.cpp; path = source/OSXCmd/main.cpp; sourceTree = SOURCE_ROOT; };
		410AB82E1AFE3E91001A10F9 /* OsFile.h */ = {isa = PBXFileReference; fileEncoding = 4; lastKnownFileType = sourcecode.c.h; name = OsFile.h; path = source/OsUtils/OsFile.h; sourceTree = SOURCE_ROOT; };
		410AB82F1AFE3E91001A10F9 /* OsThread.h */ = {isa = PBXFileReference; fileEncoding = 4; lastKnownFileType = sourcecode.c.h; name = OsThread.h; path = source/OsUtils/OsThread.h; sourceTree = SOURCE_ROOT; };
		410AB8331AFE45AA001A10F9 /* OsFilePosixDarwin.cpp */ = {isa = PBXFileReference; fileEncoding = 4; lastKnownFileType = sourcecode.cpp.cpp; name = OsFilePosixDarwin.cpp; path = source/OsUtils/OsFilePosixDarwin.cpp; sourceTree = SOURCE_ROOT; };
		410AB83B1AFE5068001A10F9 /* OsThreadPosixDarwin.cpp */ = {isa = PBXFileReference; fileEncoding = 4; lastKnownFileType = sourcecode.cpp.cpp; name = OsThreadPosixDarwin.cpp; path = source/OsUtils/OsThreadPosixDarwin.cpp; sourceTree = SOURCE_ROOT; };
		41BE6C691AFF2BBF00DEF5F5 /* version.h */ = {isa = PBXFileReference; fileEncoding = 4; lastKnownFileType = sourcecode.c.h; name = version.h; path = source/version.h; sourceTree = SOURCE_ROOT; };
		52225801213CD6B500012EF8 /* Global.h */ = {isa = PBXFileReference; fileEncoding = 4; lastKnownFileType = sourcecode.c.h; name = Global.h; path = source/Common/Global.h; sourceTree = SOURCE_ROOT; };
		52225805213CD98C00012EF8 /* strhelper.cpp */ = {isa = PBXFileReference; fileEncoding = 4; lastKnownFileType = sourcecode.cpp.cpp; name = strhelper.cpp; path = source/Common/strhelper.cpp; sourceTree = SOURCE_ROOT; };
		52225806213CD98C00012EF8 /* strhelper.h */ = {isa = PBXFileReference; fileEncoding = 4; lastKnownFileType = sourcecode.c.h; name = strhelper.h; path = source/Common/strhelper.h; sourceTree = SOURCE_ROOT; };
		5222580B213CDA9400012EF8 /* Utils.cpp */ = {isa = PBXFileReference; fileEncoding = 4; lastKnownFileType = sourcecode.cpp.cpp; name = Utils.cpp; path = source/Common/Utils.cpp; sourceTree = SOURCE_ROOT; };
		5222580C213CDA9400012EF8 /* Utils.h */ = {isa = PBXFileReference; fileEncoding = 4; lastKnownFileType = sourcecode.c.h; name = Utils.h; path = source/Common/Utils.h; sourceTree = SOURCE_ROOT; };
		52225811213CDB3900012EF8 /* HashEngine.h */ = {isa = PBXFileReference; fileEncoding = 4; lastKnownFileType = sourcecode.c.h; name = HashEngine.h; path = source/Common/HashEngine.h; sourceTree = SOURCE_ROOT; };
		52225812213CDB3900012EF8 /* HashEngine.cpp */ = {isa = PBXFileReference; fileEncoding = 4; lastKnownFileType = sourcecode.cpp.cpp; name = HashEngine.cpp; path = source/Common/HashEngine.cpp; sourceTree = SOURCE_ROOT; };
		52225815213CDBA800012EF8 /* UIBridgeBase.h */ = {isa = PBXFileReference; fileEncoding = 4; lastKnownFileType = sourcecode.c.h; name = UIBridgeBase.h; path = source/Common/UIBridgeBase.h; sourceTree = SOURCE_ROOT; };
		52225816213CF16600012EF8 /* UIBridgeMacCmd.h */ = {isa = PBXFileReference; fileEncoding = 4; lastKnownFileType = sourcecode.c.h; name = UIBridgeMacCmd.h; path = source/OSXCmd/UIBridgeMacCmd.h; sourceTree = SOURCE_ROOT; };
		52225817213CF16600012EF8 /* UIBridgeMacCmd.cpp */ = {isa = PBXFileReference; fileEncoding = 4; lastKnownFileType = sourcecode.cpp.cpp; name = UIBridgeMacCmd.cpp; path = source/OSXCmd/UIBridgeMacCmd.cpp; sourceTree = SOURCE_ROOT; };
/* End PBXFileReference section */

/* Begin PBXFrameworksBuildPhase section */
		410AB8011AFE38A2001A10F9 /* Frameworks */ = {
			isa = PBXFrameworksBuildPhase;
			buildActionMask = 2147483647;
			files = (
			);
			runOnlyForDeploymentPostprocessing = 0;
		};
/* End PBXFrameworksBuildPhase section */

/* Begin PBXGroup section */
		410AB7FB1AFE38A2001A10F9 = {
			isa = PBXGroup;
			children = (
				410AB8061AFE38A2001A10F9 /* fHashCmd */,
				410AB8051AFE38A2001A10F9 /* Products */,
			);
			sourceTree = "<group>";
		};
		410AB8051AFE38A2001A10F9 /* Products */ = {
			isa = PBXGroup;
			children = (
				410AB8041AFE38A2001A10F9 /* fhash */,
			);
			name = Products;
			sourceTree = "<group>";
		};
		410AB8061AFE38A2001A10F9 /* fHashCmd */ = {
			isa = PBXGroup;
			children = (
				410AB8221AFE3D06001A10F9 /* Common */,
				410AB8231AFE3D24001A10F9 /* OsUtils */,
				410AB80E1AFE3B09001A10F9 /* Algorithms */,
				4198A5271B58C7080050C831 /* fHashCmd */,
				410AB81B1AFE3B83001A10F9 /* src */,
			);
			path = fHashCmd;
			sourceTree = "<group>";
		};
		410AB80E1AFE3B09001A10F9 /* Algorithms */ = {
			isa = PBXGroup;
			children = (
				410AB80F1AFE3B1A001A10F9 /* CRC32.cpp */,
				410AB8101AFE3B1A001A10F9 /* CRC32.h */,
				410AB8111AFE3B1A001A10F9 /* MD5.cpp */,
				410AB8121AFE3B1A001A10F9 /* md5.h */,
				410AB8131AFE3B1A001A10F9 /* SHA1.cpp */,
				410AB8141AFE3B1A001A10F9 /* SHA1.h */,
				410AB8151AFE3B1A001A10F9 /* sha256.cpp */,
				410AB8161AFE3B1A001A10F9 /* sha256.h */,
			);
			name = Algorithms;
			sourceTree = "<group>";
		};
		410AB81B1AFE3B83001A10F9 /* src */ = {
			isa = PBXGroup;
			children = (
				41BE6C691AFF2BBF00DEF5F5 /* version.h */,
			);
			name = src;
			sourceTree = "<group>";
		};
		410AB8221AFE3D06001A10F9 /* Common */ = {
			isa = PBXGroup;
			children = (
				52225801213CD6B500012EF8 /* Global.h */,
				52225812213CDB3900012EF8 /* HashEngine.cpp */,
				52225811213CDB3900012EF8 /* HashEngine.h */,
				410AB81C1AFE3BA5001A10F9 /* stdafx.cpp */,
				410AB81D1AFE3BA5001A10F9 /* stdafx.h */,
				52225805213CD98C00012EF8 /* strhelper.cpp */,
				52225806213CD98C00012EF8 /* strhelper.h */,
				410AB81E1AFE3BA5001A10F9 /* targetver.h */,
				52225815213CDBA800012EF8 /* UIBridgeBase.h */,
				5222580B213CDA9400012EF8 /* Utils.cpp */,
				5222580C213CDA9400012EF8 /* Utils.h */,
			);
			name = Common;
			sourceTree = "<group>";
		};
		410AB8231AFE3D24001A10F9 /* OsUtils */ = {
			isa = PBXGroup;
			children = (
				410AB82E1AFE3E91001A10F9 /* OsFile.h */,
				410AB8331AFE45AA001A10F9 /* OsFilePosixDarwin.cpp */,
				410AB82F1AFE3E91001A10F9 /* OsThread.h */,
				410AB83B1AFE5068001A10F9 /* OsThreadPosixDarwin.cpp */,
			);
			name = OsUtils;
			sourceTree = "<group>";
		};
		4198A5271B58C7080050C831 /* fHashCmd */ = {
			isa = PBXGroup;
			children = (
				410AB8201AFE3CF7001A10F9 /* main.cpp */,
				52225817213CF16600012EF8 /* UIBridgeMacCmd.cpp */,
				52225816213CF16600012EF8 /* UIBridgeMacCmd.h */,
			);
			name = fHashCmd;
			sourceTree = "<group>";
		};
/* End PBXGroup section */

/* Begin PBXNativeTarget section */
		410AB8031AFE38A2001A10F9 /* fhash */ = {
			isa = PBXNativeTarget;
			buildConfigurationList = 410AB80B1AFE38A2001A10F9 /* Build configuration list for PBXNativeTarget "fhash" */;
			buildPhases = (
				410AB8001AFE38A2001A10F9 /* Sources */,
				410AB8011AFE38A2001A10F9 /* Frameworks */,
				410AB8021AFE38A2001A10F9 /* CopyFiles */,
			);
			buildRules = (
			);
			dependencies = (
			);
			name = fhash;
			productName = fHashCmd;
			productReference = 410AB8041AFE38A2001A10F9 /* fhash */;
			productType = "com.apple.product-type.tool";
		};
/* End PBXNativeTarget section */

/* Begin PBXProject section */
		410AB7FC1AFE38A2001A10F9 /* Project object */ = {
			isa = PBXProject;
			attributes = {
				LastUpgradeCheck = 1200;
				ORGANIZATIONNAME = "Sun Junwen";
				TargetAttributes = {
					410AB8031AFE38A2001A10F9 = {
						CreatedOnToolsVersion = 6.3.1;
					};
				};
			};
			buildConfigurationList = 410AB7FF1AFE38A2001A10F9 /* Build configuration list for PBXProject "fHashCmd" */;
			compatibilityVersion = "Xcode 3.2";
			developmentRegion = English;
			hasScannedForEncodings = 0;
			knownRegions = (
				English,
				en,
			);
			mainGroup = 410AB7FB1AFE38A2001A10F9;
			productRefGroup = 410AB8051AFE38A2001A10F9 /* Products */;
			projectDirPath = "";
			projectRoot = "";
			targets = (
				410AB8031AFE38A2001A10F9 /* fhash */,
			);
		};
/* End PBXProject section */

/* Begin PBXSourcesBuildPhase section */
		410AB8001AFE38A2001A10F9 /* Sources */ = {
			isa = PBXSourcesBuildPhase;
			buildActionMask = 2147483647;
			files = (
				410AB81A1AFE3B1A001A10F9 /* sha256.cpp in Sources */,
				410AB8191AFE3B1A001A10F9 /* SHA1.cpp in Sources */,
				410AB8211AFE3CF7001A10F9 /* main.cpp in Sources */,
				52225818213CF16600012EF8 /* UIBridgeMacCmd.cpp in Sources */,
				52225813213CDB3900012EF8 /* HashEngine.cpp in Sources */,
				410AB8181AFE3B1A001A10F9 /* MD5.cpp in Sources */,
				410AB8171AFE3B1A001A10F9 /* CRC32.cpp in Sources */,
				410AB83C1AFE5068001A10F9 /* OsThreadPosixDarwin.cpp in Sources */,
				5222580D213CDA9500012EF8 /* Utils.cpp in Sources */,
				410AB81F1AFE3BA5001A10F9 /* stdafx.cpp in Sources */,
				410AB8341AFE45AA001A10F9 /* OsFilePosixDarwin.cpp in Sources */,
				52225807213CD98C00012EF8 /* strhelper.cpp in Sources */,
			);
			runOnlyForDeploymentPostprocessing = 0;
		};
/* End PBXSourcesBuildPhase section */

/* Begin XCBuildConfiguration section */
		410AB8091AFE38A2001A10F9 /* Debug */ = {
			isa = XCBuildConfiguration;
			buildSettings = {
				ALWAYS_SEARCH_USER_PATHS = NO;
				CLANG_ANALYZER_LOCALIZABILITY_NONLOCALIZED = YES;
				CLANG_CXX_LANGUAGE_STANDARD = "gnu++0x";
				CLANG_CXX_LIBRARY = "libc++";
				CLANG_ENABLE_MODULES = YES;
				CLANG_ENABLE_OBJC_ARC = YES;
				CLANG_WARN_BLOCK_CAPTURE_AUTORELEASING = YES;
				CLANG_WARN_BOOL_CONVERSION = YES;
				CLANG_WARN_COMMA = YES;
				CLANG_WARN_CONSTANT_CONVERSION = YES;
				CLANG_WARN_DEPRECATED_OBJC_IMPLEMENTATIONS = YES;
				CLANG_WARN_DIRECT_OBJC_ISA_USAGE = YES_ERROR;
				CLANG_WARN_EMPTY_BODY = YES;
				CLANG_WARN_ENUM_CONVERSION = YES;
				CLANG_WARN_INFINITE_RECURSION = YES;
				CLANG_WARN_INT_CONVERSION = YES;
				CLANG_WARN_NON_LITERAL_NULL_CONVERSION = YES;
				CLANG_WARN_OBJC_IMPLICIT_RETAIN_SELF = YES;
				CLANG_WARN_OBJC_LITERAL_CONVERSION = YES;
				CLANG_WARN_OBJC_ROOT_CLASS = YES_ERROR;
				CLANG_WARN_QUOTED_INCLUDE_IN_FRAMEWORK_HEADER = YES;
				CLANG_WARN_RANGE_LOOP_ANALYSIS = YES;
				CLANG_WARN_STRICT_PROTOTYPES = YES;
				CLANG_WARN_SUSPICIOUS_MOVE = YES;
				CLANG_WARN_UNREACHABLE_CODE = YES;
				CLANG_WARN__DUPLICATE_METHOD_MATCH = YES;
				COPY_PHASE_STRIP = NO;
				DEBUG_INFORMATION_FORMAT = dwarf;
				ENABLE_STRICT_OBJC_MSGSEND = YES;
				ENABLE_TESTABILITY = YES;
				GCC_C_LANGUAGE_STANDARD = gnu99;
				GCC_DYNAMIC_NO_PIC = NO;
				GCC_NO_COMMON_BLOCKS = YES;
				GCC_OPTIMIZATION_LEVEL = 0;
				GCC_PREPROCESSOR_DEFINITIONS = (
					"DEBUG=1",
					"$(inherited)",
				);
				GCC_SYMBOLS_PRIVATE_EXTERN = NO;
				GCC_WARN_64_TO_32_BIT_CONVERSION = YES;
				GCC_WARN_ABOUT_RETURN_TYPE = YES_ERROR;
				GCC_WARN_UNDECLARED_SELECTOR = YES;
				GCC_WARN_UNINITIALIZED_AUTOS = YES_AGGRESSIVE;
				GCC_WARN_UNUSED_FUNCTION = YES;
				GCC_WARN_UNUSED_VARIABLE = YES;
				HEADER_SEARCH_PATHS = "$(PROJECT_DIR)/source";
				MACOSX_DEPLOYMENT_TARGET = 10.10;
				MTL_ENABLE_DEBUG_INFO = YES;
				ONLY_ACTIVE_ARCH = YES;
				SDKROOT = macosx;
			};
			name = Debug;
		};
		410AB80A1AFE38A2001A10F9 /* Release */ = {
			isa = XCBuildConfiguration;
			buildSettings = {
				ALWAYS_SEARCH_USER_PATHS = NO;
				CLANG_ANALYZER_LOCALIZABILITY_NONLOCALIZED = YES;
				CLANG_CXX_LANGUAGE_STANDARD = "gnu++0x";
				CLANG_CXX_LIBRARY = "libc++";
				CLANG_ENABLE_MODULES = YES;
				CLANG_ENABLE_OBJC_ARC = YES;
				CLANG_WARN_BLOCK_CAPTURE_AUTORELEASING = YES;
				CLANG_WARN_BOOL_CONVERSION = YES;
				CLANG_WARN_COMMA = YES;
				CLANG_WARN_CONSTANT_CONVERSION = YES;
				CLANG_WARN_DEPRECATED_OBJC_IMPLEMENTATIONS = YES;
				CLANG_WARN_DIRECT_OBJC_ISA_USAGE = YES_ERROR;
				CLANG_WARN_EMPTY_BODY = YES;
				CLANG_WARN_ENUM_CONVERSION = YES;
				CLANG_WARN_INFINITE_RECURSION = YES;
				CLANG_WARN_INT_CONVERSION = YES;
				CLANG_WARN_NON_LITERAL_NULL_CONVERSION = YES;
				CLANG_WARN_OBJC_IMPLICIT_RETAIN_SELF = YES;
				CLANG_WARN_OBJC_LITERAL_CONVERSION = YES;
				CLANG_WARN_OBJC_ROOT_CLASS = YES_ERROR;
				CLANG_WARN_QUOTED_INCLUDE_IN_FRAMEWORK_HEADER = YES;
				CLANG_WARN_RANGE_LOOP_ANALYSIS = YES;
				CLANG_WARN_STRICT_PROTOTYPES = YES;
				CLANG_WARN_SUSPICIOUS_MOVE = YES;
				CLANG_WARN_UNREACHABLE_CODE = YES;
				CLANG_WARN__DUPLICATE_METHOD_MATCH = YES;
				COPY_PHASE_STRIP = NO;
				DEBUG_INFORMATION_FORMAT = "dwarf-with-dsym";
				ENABLE_NS_ASSERTIONS = NO;
				ENABLE_STRICT_OBJC_MSGSEND = YES;
				GCC_C_LANGUAGE_STANDARD = gnu99;
				GCC_NO_COMMON_BLOCKS = YES;
				GCC_WARN_64_TO_32_BIT_CONVERSION = YES;
				GCC_WARN_ABOUT_RETURN_TYPE = YES_ERROR;
				GCC_WARN_UNDECLARED_SELECTOR = YES;
				GCC_WARN_UNINITIALIZED_AUTOS = YES_AGGRESSIVE;
				GCC_WARN_UNUSED_FUNCTION = YES;
				GCC_WARN_UNUSED_VARIABLE = YES;
				HEADER_SEARCH_PATHS = "$(PROJECT_DIR)/source";
				MACOSX_DEPLOYMENT_TARGET = 10.10;
				MTL_ENABLE_DEBUG_INFO = NO;
				SDKROOT = macosx;
			};
			name = Release;
		};
		410AB80C1AFE38A2001A10F9 /* Debug */ = {
			isa = XCBuildConfiguration;
			buildSettings = {
				CODE_SIGN_IDENTITY = "-";
				OTHER_CFLAGS = "-DFHASH_OSX_CMD";
				OTHER_LDFLAGS = "-liconv";
				PRODUCT_NAME = "$(TARGET_NAME)";
			};
			name = Debug;
		};
		410AB80D1AFE38A2001A10F9 /* Release */ = {
			isa = XCBuildConfiguration;
			buildSettings = {
				CODE_SIGN_IDENTITY = "-";
				OTHER_CFLAGS = "-DFHASH_OSX_CMD";
				OTHER_LDFLAGS = "-liconv";
				PRODUCT_NAME = "$(TARGET_NAME)";
			};
			name = Release;
		};
/* End XCBuildConfiguration section */

/* Begin XCConfigurationList section */
		410AB7FF1AFE38A2001A10F9 /* Build configuration list for PBXProject "fHashCmd" */ = {
			isa = XCConfigurationList;
			buildConfigurations = (
				410AB8091AFE38A2001A10F9 /* Debug */,
				410AB80A1AFE38A2001A10F9 /* Release */,
			);
			defaultConfigurationIsVisible = 0;
			defaultConfigurationName = Release;
		};
		410AB80B1AFE38A2001A10F9 /* Build configuration list for PBXNativeTarget "fhash" */ = {
			isa = XCConfigurationList;
			buildConfigurations = (
				410AB80C1AFE38A2001A10F9 /* Debug */,
				410AB80D1AFE38A2001A10F9 /* Release */,
			);
			defaultConfigurationIsVisible = 0;
			defaultConfigurationName = Release;
		};
/* End XCConfigurationList section */
	};
	rootObject = 410AB7FC1AFE38A2001A10F9 /* Project object */;
}
