<?xml version="1.0" encoding="utf-8"?>
<Project ToolsVersion="15.0" xmlns="http://schemas.microsoft.com/developer/msbuild/2003">
  <ItemGroup>
    <Filter Include="头文件">
      <UniqueIdentifier>{75d2580f-6628-4173-a06d-c7d060501d56}</UniqueIdentifier>
    </Filter>
    <Filter Include="源文件">
      <UniqueIdentifier>{1ee97733-0bec-4e09-bfeb-6dfbb42def27}</UniqueIdentifier>
    </Filter>
    <Filter Include="Common">
      <UniqueIdentifier>{5b774ad5-4caa-4bed-a3ed-24ae0e05bc8d}</UniqueIdentifier>
    </Filter>
    <Filter Include="资源文件">
      <UniqueIdentifier>55e8b138-c0f1-4ead-9f00-c3ea28a8135e</UniqueIdentifier>
      <Extensions>rc;ico;cur;bmp;dlg;rc2;rct;bin;rgs;gif;jpg;jpeg;jpe;resx;tga;tiff;tif;png;wav;mfcribbon-ms</Extensions>
    </Filter>
  </ItemGroup>
  <ItemGroup>
    <ClCompile Include="pch.cpp">
      <Filter>源文件</Filter>
    </ClCompile>
    <ClCompile Include="TestNativeWrapper.cpp">
      <Filter>源文件</Filter>
    </ClCompile>
    <ClCompile Include="SomeNative.cpp">
      <Filter>源文件</Filter>
    </ClCompile>
    <ClCompile Include="TestDelegate.cpp">
      <Filter>源文件</Filter>
    </ClCompile>
    <ClCompile Include="..\fHashUwpShellExt\strhelper.cpp">
      <Filter>Common</Filter>
    </ClCompile>
  </ItemGroup>
  <ItemGroup>
    <ClInclude Include="resource.h">
      <Filter>资源文件</Filter>
    </ClInclude>
    <ClInclude Include="pch.h">
      <Filter>头文件</Filter>
    </ClInclude>
    <ClInclude Include="TestNativeWrapper.h">
      <Filter>头文件</Filter>
    </ClInclude>
    <ClInclude Include="SomeNative.h">
      <Filter>头文件</Filter>
    </ClInclude>
    <ClInclude Include="TestDelegate.h">
      <Filter>头文件</Filter>
    </ClInclude>
    <ClInclude Include="..\fHashUwpShellExt\strhelper.h">
      <Filter>Common</Filter>
    </ClInclude>
  </ItemGroup>
  <ItemGroup>
    <ResourceCompile Include="TestWinRtCmpt1.rc">
      <Filter>资源文件</Filter>
    </ResourceCompile>
  </ItemGroup>
</Project>